
Microsoft Visual Studio Solution File, Format Version 12.00
# Visual Studio 2013
VisualStudioVersion = 12.0.40629.0
MinimumVisualStudioVersion = 10.0.40219.1
Project("{8BC9CEB8-8B4A-11D0-8D11-00A0C91BC942}") = "Geometry", "geometry\Geometry.vcxproj", "{7305E7CE-2A0A-3128-813A-FD1A8CF68D77}"
	ProjectSection(ProjectDependencies) = postProject
		{7CA5C965-D2E5-31A0-A055-8117C6642095} = {7CA5C965-D2E5-31A0-A055-8117C6642095}
	EndProjectSection
EndProject
Project("{8BC9CEB8-8B4A-11D0-8D11-00A0C91BC942}") = "IO", "IO\IO.vcxproj", "{79DD782D-EFFA-3EA5-BCE4-9D8BE374ECE2}"
	ProjectSection(ProjectDependencies) = postProject
		{D178B917-370A-38A1-A9C4-CBDE18F2C16E} = {D178B917-370A-38A1-A9C4-CBDE18F2C16E}
		{6FB8474C-6524-3328-82A2-0E5440DA8E0D} = {6FB8474C-6524-3328-82A2-0E5440DA8E0D}
		{23918C4C-636C-3E92-AE0A-3C8C64BAA5B5} = {23918C4C-636C-3E92-AE0A-3C8C64BAA5B5}
		{FFD5775F-4B1F-3575-A0BC-F79E74FE5B49} = {FFD5775F-4B1F-3575-A0BC-F79E74FE5B49}
		{7CA5C965-D2E5-31A0-A055-8117C6642095} = {7CA5C965-D2E5-31A0-A055-8117C6642095}
		{EB665AA5-0576-34AA-A166-E3D668F14E91} = {EB665AA5-0576-34AA-A166-E3D668F14E91}
		{7305E7CE-2A0A-3128-813A-FD1A8CF68D77} = {7305E7CE-2A0A-3128-813A-FD1A8CF68D77}
		{9C4757F0-2DEC-370C-8237-7D07BC983512} = {9C4757F0-2DEC-370C-8237-7D07BC983512}
	EndProjectSection
EndProject
Project("{8BC9CEB8-8B4A-11D0-8D11-00A0C91BC942}") = "MainWindow", "mainWindow\MainWindow.vcxproj", "{95AE0695-33B1-3985-A4D0-B9E527693704}"
	ProjectSection(ProjectDependencies) = postProject
		{F5D9EC0C-511A-3BF0-B32A-510AB039C26A} = {F5D9EC0C-511A-3BF0-B32A-510AB039C26A}
		{D178B917-370A-38A1-A9C4-CBDE18F2C16E} = {D178B917-370A-38A1-A9C4-CBDE18F2C16E}
		{1754671D-0FB7-3B31-A1E3-D716458783CC} = {1754671D-0FB7-3B31-A1E3-D716458783CC}
		{C74CC820-4754-37BF-B883-1710F5C50F8F} = {C74CC820-4754-37BF-B883-1710F5C50F8F}
		{79DD782D-EFFA-3EA5-BCE4-9D8BE374ECE2} = {79DD782D-EFFA-3EA5-BCE4-9D8BE374ECE2}
		{6FB8474C-6524-3328-82A2-0E5440DA8E0D} = {6FB8474C-6524-3328-82A2-0E5440DA8E0D}
		{23918C4C-636C-3E92-AE0A-3C8C64BAA5B5} = {23918C4C-636C-3E92-AE0A-3C8C64BAA5B5}
		{F1654B5B-F2E1-3DAB-BD76-CAF52F57F180} = {F1654B5B-F2E1-3DAB-BD76-CAF52F57F180}
		{FFD5775F-4B1F-3575-A0BC-F79E74FE5B49} = {FFD5775F-4B1F-3575-A0BC-F79E74FE5B49}
		{7CA5C965-D2E5-31A0-A055-8117C6642095} = {7CA5C965-D2E5-31A0-A055-8117C6642095}
		{D1389573-7215-30CF-9ECA-FA250C4EEA1F} = {D1389573-7215-30CF-9ECA-FA250C4EEA1F}
		{CEDA4699-C036-3F00-B96E-9290701D5AD8} = {CEDA4699-C036-3F00-B96E-9290701D5AD8}
		{28D86B9D-788A-3058-840C-0A5F10DAD5A7} = {28D86B9D-788A-3058-840C-0A5F10DAD5A7}
		{EB665AA5-0576-34AA-A166-E3D668F14E91} = {EB665AA5-0576-34AA-A166-E3D668F14E91}
		{DF90AABC-4798-349A-AE05-92861C6B82D2} = {DF90AABC-4798-349A-AE05-92861C6B82D2}
		{7305E7CE-2A0A-3128-813A-FD1A8CF68D77} = {7305E7CE-2A0A-3128-813A-FD1A8CF68D77}
		{4EAF9FD2-3C0B-3BBE-BC70-30E705DA4645} = {4EAF9FD2-3C0B-3BBE-BC70-30E705DA4645}
		{7874A3EF-D4C4-3292-B513-CEE61193E725} = {7874A3EF-D4C4-3292-B513-CEE61193E725}
		{9C4757F0-2DEC-370C-8237-7D07BC983512} = {9C4757F0-2DEC-370C-8237-7D07BC983512}
		{A28AA7F0-35C5-395D-AC8A-3F553D8C997F} = {A28AA7F0-35C5-395D-AC8A-3F553D8C997F}
	EndProjectSection
EndProject
Project("{8BC9CEB8-8B4A-11D0-8D11-00A0C91BC942}") = "MeshData", "meshData\MeshData.vcxproj", "{23918C4C-636C-3E92-AE0A-3C8C64BAA5B5}"
	ProjectSection(ProjectDependencies) = postProject
		{7CA5C965-D2E5-31A0-A055-8117C6642095} = {7CA5C965-D2E5-31A0-A055-8117C6642095}
	EndProjectSection
EndProject
Project("{8BC9CEB8-8B4A-11D0-8D11-00A0C91BC942}") = "ModelData", "ModelData\ModelData.vcxproj", "{FFD5775F-4B1F-3575-A0BC-F79E74FE5B49}"
	ProjectSection(ProjectDependencies) = postProject
		{D178B917-370A-38A1-A9C4-CBDE18F2C16E} = {D178B917-370A-38A1-A9C4-CBDE18F2C16E}
		{7CA5C965-D2E5-31A0-A055-8117C6642095} = {7CA5C965-D2E5-31A0-A055-8117C6642095}
		{D1389573-7215-30CF-9ECA-FA250C4EEA1F} = {D1389573-7215-30CF-9ECA-FA250C4EEA1F}
		{69C823A7-5851-3DFA-8EDA-AF4D00F5DE96} = {69C823A7-5851-3DFA-8EDA-AF4D00F5DE96}
		{009EF0CF-314D-3AD5-A531-B83E35115A38} = {009EF0CF-314D-3AD5-A531-B83E35115A38}
		{89B873EC-ADC5-3B68-AC6D-F3A10F3CDD06} = {89B873EC-ADC5-3B68-AC6D-F3A10F3CDD06}
	EndProjectSection
EndProject
Project("{8BC9CEB8-8B4A-11D0-8D11-00A0C91BC942}") = "ModuleBase", "moduleBase\ModuleBase.vcxproj", "{EB665AA5-0576-34AA-A166-E3D668F14E91}"
	ProjectSection(ProjectDependencies) = postProject
		{D178B917-370A-38A1-A9C4-CBDE18F2C16E} = {D178B917-370A-38A1-A9C4-CBDE18F2C16E}
		{23918C4C-636C-3E92-AE0A-3C8C64BAA5B5} = {23918C4C-636C-3E92-AE0A-3C8C64BAA5B5}
		{FFD5775F-4B1F-3575-A0BC-F79E74FE5B49} = {FFD5775F-4B1F-3575-A0BC-F79E74FE5B49}
		{7CA5C965-D2E5-31A0-A055-8117C6642095} = {7CA5C965-D2E5-31A0-A055-8117C6642095}
		{DF90AABC-4798-349A-AE05-92861C6B82D2} = {DF90AABC-4798-349A-AE05-92861C6B82D2}
		{7305E7CE-2A0A-3128-813A-FD1A8CF68D77} = {7305E7CE-2A0A-3128-813A-FD1A8CF68D77}
	EndProjectSection
EndProject
Project("{8BC9CEB8-8B4A-11D0-8D11-00A0C91BC942}") = "Settings", "settings\Settings.vcxproj", "{D178B917-370A-38A1-A9C4-CBDE18F2C16E}"
EndProject
Project("{8BC9CEB8-8B4A-11D0-8D11-00A0C91BC942}") = "MainWidgets", "MainWidgets\MainWidgets.vcxproj", "{F5D9EC0C-511A-3BF0-B32A-510AB039C26A}"
	ProjectSection(ProjectDependencies) = postProject
		{D178B917-370A-38A1-A9C4-CBDE18F2C16E} = {D178B917-370A-38A1-A9C4-CBDE18F2C16E}
		{C74CC820-4754-37BF-B883-1710F5C50F8F} = {C74CC820-4754-37BF-B883-1710F5C50F8F}
		{79DD782D-EFFA-3EA5-BCE4-9D8BE374ECE2} = {79DD782D-EFFA-3EA5-BCE4-9D8BE374ECE2}
		{23918C4C-636C-3E92-AE0A-3C8C64BAA5B5} = {23918C4C-636C-3E92-AE0A-3C8C64BAA5B5}
		{F1654B5B-F2E1-3DAB-BD76-CAF52F57F180} = {F1654B5B-F2E1-3DAB-BD76-CAF52F57F180}
		{FFD5775F-4B1F-3575-A0BC-F79E74FE5B49} = {FFD5775F-4B1F-3575-A0BC-F79E74FE5B49}
		{7CA5C965-D2E5-31A0-A055-8117C6642095} = {7CA5C965-D2E5-31A0-A055-8117C6642095}
		{D1389573-7215-30CF-9ECA-FA250C4EEA1F} = {D1389573-7215-30CF-9ECA-FA250C4EEA1F}
		{CEDA4699-C036-3F00-B96E-9290701D5AD8} = {CEDA4699-C036-3F00-B96E-9290701D5AD8}
		{EB665AA5-0576-34AA-A166-E3D668F14E91} = {EB665AA5-0576-34AA-A166-E3D668F14E91}
		{DF90AABC-4798-349A-AE05-92861C6B82D2} = {DF90AABC-4798-349A-AE05-92861C6B82D2}
		{7305E7CE-2A0A-3128-813A-FD1A8CF68D77} = {7305E7CE-2A0A-3128-813A-FD1A8CF68D77}
		{4EAF9FD2-3C0B-3BBE-BC70-30E705DA4645} = {4EAF9FD2-3C0B-3BBE-BC70-30E705DA4645}
		{89B873EC-ADC5-3B68-AC6D-F3A10F3CDD06} = {89B873EC-ADC5-3B68-AC6D-F3A10F3CDD06}
	EndProjectSection
EndProject
Project("{8BC9CEB8-8B4A-11D0-8D11-00A0C91BC942}") = "SolverControl", "SolverControl\SolverControl.vcxproj", "{C74CC820-4754-37BF-B883-1710F5C50F8F}"
	ProjectSection(ProjectDependencies) = postProject
		{D178B917-370A-38A1-A9C4-CBDE18F2C16E} = {D178B917-370A-38A1-A9C4-CBDE18F2C16E}
		{79DD782D-EFFA-3EA5-BCE4-9D8BE374ECE2} = {79DD782D-EFFA-3EA5-BCE4-9D8BE374ECE2}
		{FFD5775F-4B1F-3575-A0BC-F79E74FE5B49} = {FFD5775F-4B1F-3575-A0BC-F79E74FE5B49}
		{7CA5C965-D2E5-31A0-A055-8117C6642095} = {7CA5C965-D2E5-31A0-A055-8117C6642095}
		{D1389573-7215-30CF-9ECA-FA250C4EEA1F} = {D1389573-7215-30CF-9ECA-FA250C4EEA1F}
		{EB665AA5-0576-34AA-A166-E3D668F14E91} = {EB665AA5-0576-34AA-A166-E3D668F14E91}
		{DF90AABC-4798-349A-AE05-92861C6B82D2} = {DF90AABC-4798-349A-AE05-92861C6B82D2}
		{89B873EC-ADC5-3B68-AC6D-F3A10F3CDD06} = {89B873EC-ADC5-3B68-AC6D-F3A10F3CDD06}
		{A28AA7F0-35C5-395D-AC8A-3F553D8C997F} = {A28AA7F0-35C5-395D-AC8A-3F553D8C997F}
	EndProjectSection
EndProject
Project("{8BC9CEB8-8B4A-11D0-8D11-00A0C91BC942}") = "DataProperty", "DataProperty\DataProperty.vcxproj", "{7CA5C965-D2E5-31A0-A055-8117C6642095}"
	ProjectSection(ProjectDependencies) = postProject
		{D1389573-7215-30CF-9ECA-FA250C4EEA1F} = {D1389573-7215-30CF-9ECA-FA250C4EEA1F}
	EndProjectSection
EndProject
Project("{8BC9CEB8-8B4A-11D0-8D11-00A0C91BC942}") = "SelfDefObject", "SelfDefObject\SelfDefObject.vcxproj", "{DF90AABC-4798-349A-AE05-92861C6B82D2}"
	ProjectSection(ProjectDependencies) = postProject
		{D178B917-370A-38A1-A9C4-CBDE18F2C16E} = {D178B917-370A-38A1-A9C4-CBDE18F2C16E}
		{7CA5C965-D2E5-31A0-A055-8117C6642095} = {7CA5C965-D2E5-31A0-A055-8117C6642095}
	EndProjectSection
EndProject
Project("{8BC9CEB8-8B4A-11D0-8D11-00A0C91BC942}") = "PostWidgets", "PostWidgets\PostWidgets.vcxproj", "{A28AA7F0-35C5-395D-AC8A-3F553D8C997F}"
	ProjectSection(ProjectDependencies) = postProject
		{D178B917-370A-38A1-A9C4-CBDE18F2C16E} = {D178B917-370A-38A1-A9C4-CBDE18F2C16E}
		{3B50AE27-A468-3B57-9B2E-6CD93C932420} = {3B50AE27-A468-3B57-9B2E-6CD93C932420}
		{FFD5775F-4B1F-3575-A0BC-F79E74FE5B49} = {FFD5775F-4B1F-3575-A0BC-F79E74FE5B49}
		{028E169A-AB88-312A-8CB8-95B59B21573C} = {028E169A-AB88-312A-8CB8-95B59B21573C}
		{EB665AA5-0576-34AA-A166-E3D668F14E91} = {EB665AA5-0576-34AA-A166-E3D668F14E91}
		{596EFAC9-F367-3FB3-96B8-219278C4CA23} = {596EFAC9-F367-3FB3-96B8-219278C4CA23}
		{89B873EC-ADC5-3B68-AC6D-F3A10F3CDD06} = {89B873EC-ADC5-3B68-AC6D-F3A10F3CDD06}
	EndProjectSection
EndProject
Project("{8BC9CEB8-8B4A-11D0-8D11-00A0C91BC942}") = "CurveAnalyse", "CurveAnalyse\CurveAnalyse.vcxproj", "{028E169A-AB88-312A-8CB8-95B59B21573C}"
	ProjectSection(ProjectDependencies) = postProject
		{596EFAC9-F367-3FB3-96B8-219278C4CA23} = {596EFAC9-F367-3FB3-96B8-219278C4CA23}
	EndProjectSection
EndProject
Project("{8BC9CEB8-8B4A-11D0-8D11-00A0C91BC942}") = "GraphicsAnalyse", "GraphicsAnalyse\GraphicsAnalyse.vcxproj", "{3B50AE27-A468-3B57-9B2E-6CD93C932420}"
	ProjectSection(ProjectDependencies) = postProject
		{CE4F834D-DD4E-3BF0-BAEE-B60C56292A46} = {CE4F834D-DD4E-3BF0-BAEE-B60C56292A46}
		{028E169A-AB88-312A-8CB8-95B59B21573C} = {028E169A-AB88-312A-8CB8-95B59B21573C}
		{596EFAC9-F367-3FB3-96B8-219278C4CA23} = {596EFAC9-F367-3FB3-96B8-219278C4CA23}
	EndProjectSection
EndProject
Project("{8BC9CEB8-8B4A-11D0-8D11-00A0C91BC942}") = "HeuDataSrcIO", "HeuDataSrcIO\HeuDataSrcIO.vcxproj", "{596EFAC9-F367-3FB3-96B8-219278C4CA23}"
	ProjectSection(ProjectDependencies) = postProject
		{CE4F834D-DD4E-3BF0-BAEE-B60C56292A46} = {CE4F834D-DD4E-3BF0-BAEE-B60C56292A46}
	EndProjectSection
EndProject
Project("{8BC9CEB8-8B4A-11D0-8D11-00A0C91BC942}") = "XGenerateReport", "XGenerateReport\XGenerateReport.vcxproj", "{7874A3EF-D4C4-3292-B513-CEE61193E725}"
EndProject
Project("{8BC9CEB8-8B4A-11D0-8D11-00A0C91BC942}") = "BCBase", "BCBase\BCBase.vcxproj", "{009EF0CF-314D-3AD5-A531-B83E35115A38}"
	ProjectSection(ProjectDependencies) = postProject
		{23918C4C-636C-3E92-AE0A-3C8C64BAA5B5} = {23918C4C-636C-3E92-AE0A-3C8C64BAA5B5}
		{7CA5C965-D2E5-31A0-A055-8117C6642095} = {7CA5C965-D2E5-31A0-A055-8117C6642095}
	EndProjectSection
EndProject
Project("{8BC9CEB8-8B4A-11D0-8D11-00A0C91BC942}") = "License", "License\License.vcxproj", "{B8A5993E-3561-38A2-BE86-1819CE28BFE9}"
	ProjectSection(ProjectDependencies) = postProject
		{D178B917-370A-38A1-A9C4-CBDE18F2C16E} = {D178B917-370A-38A1-A9C4-CBDE18F2C16E}
	EndProjectSection
EndProject
Project("{8BC9CEB8-8B4A-11D0-8D11-00A0C91BC942}") = "ProjectTree", "ProjectTree\ProjectTree.vcxproj", "{4EAF9FD2-3C0B-3BBE-BC70-30E705DA4645}"
	ProjectSection(ProjectDependencies) = postProject
		{D178B917-370A-38A1-A9C4-CBDE18F2C16E} = {D178B917-370A-38A1-A9C4-CBDE18F2C16E}
		{23918C4C-636C-3E92-AE0A-3C8C64BAA5B5} = {23918C4C-636C-3E92-AE0A-3C8C64BAA5B5}
		{FFD5775F-4B1F-3575-A0BC-F79E74FE5B49} = {FFD5775F-4B1F-3575-A0BC-F79E74FE5B49}
		{7CA5C965-D2E5-31A0-A055-8117C6642095} = {7CA5C965-D2E5-31A0-A055-8117C6642095}
		{D1389573-7215-30CF-9ECA-FA250C4EEA1F} = {D1389573-7215-30CF-9ECA-FA250C4EEA1F}
		{EB665AA5-0576-34AA-A166-E3D668F14E91} = {EB665AA5-0576-34AA-A166-E3D668F14E91}
		{69C823A7-5851-3DFA-8EDA-AF4D00F5DE96} = {69C823A7-5851-3DFA-8EDA-AF4D00F5DE96}
		{7305E7CE-2A0A-3128-813A-FD1A8CF68D77} = {7305E7CE-2A0A-3128-813A-FD1A8CF68D77}
		{009EF0CF-314D-3AD5-A531-B83E35115A38} = {009EF0CF-314D-3AD5-A531-B83E35115A38}
		{89B873EC-ADC5-3B68-AC6D-F3A10F3CDD06} = {89B873EC-ADC5-3B68-AC6D-F3A10F3CDD06}
		{9C4757F0-2DEC-370C-8237-7D07BC983512} = {9C4757F0-2DEC-370C-8237-7D07BC983512}
		{A28AA7F0-35C5-395D-AC8A-3F553D8C997F} = {A28AA7F0-35C5-395D-AC8A-3F553D8C997F}
	EndProjectSection
EndProject
Project("{8BC9CEB8-8B4A-11D0-8D11-00A0C91BC942}") = "ParaClassFactory", "ParaClassFactory\ParaClassFactory.vcxproj", "{69C823A7-5851-3DFA-8EDA-AF4D00F5DE96}"
	ProjectSection(ProjectDependencies) = postProject
		{7CA5C965-D2E5-31A0-A055-8117C6642095} = {7CA5C965-D2E5-31A0-A055-8117C6642095}
		{009EF0CF-314D-3AD5-A531-B83E35115A38} = {009EF0CF-314D-3AD5-A531-B83E35115A38}
		{89B873EC-ADC5-3B68-AC6D-F3A10F3CDD06} = {89B873EC-ADC5-3B68-AC6D-F3A10F3CDD06}
	EndProjectSection
EndProject
Project("{8BC9CEB8-8B4A-11D0-8D11-00A0C91BC942}") = "ConfigOptions", "ConfigOptions\ConfigOptions.vcxproj", "{89B873EC-ADC5-3B68-AC6D-F3A10F3CDD06}"
	ProjectSection(ProjectDependencies) = postProject
		{D178B917-370A-38A1-A9C4-CBDE18F2C16E} = {D178B917-370A-38A1-A9C4-CBDE18F2C16E}
		{7CA5C965-D2E5-31A0-A055-8117C6642095} = {7CA5C965-D2E5-31A0-A055-8117C6642095}
		{D1389573-7215-30CF-9ECA-FA250C4EEA1F} = {D1389573-7215-30CF-9ECA-FA250C4EEA1F}
		{009EF0CF-314D-3AD5-A531-B83E35115A38} = {009EF0CF-314D-3AD5-A531-B83E35115A38}
		{9C4757F0-2DEC-370C-8237-7D07BC983512} = {9C4757F0-2DEC-370C-8237-7D07BC983512}
	EndProjectSection
EndProject
Project("{8BC9CEB8-8B4A-11D0-8D11-00A0C91BC942}") = "SolutionDataIO", "SolutionDataIO\SolutionDataIO.vcxproj", "{CE4F834D-DD4E-3BF0-BAEE-B60C56292A46}"
EndProject
Project("{8BC9CEB8-8B4A-11D0-8D11-00A0C91BC942}") = "FastCAE", "main\FastCAE.vcxproj", "{184036C0-D54E-32FC-85D4-E6437FDF8A8B}"
	ProjectSection(ProjectDependencies) = postProject
		{B8A5993E-3561-38A2-BE86-1819CE28BFE9} = {B8A5993E-3561-38A2-BE86-1819CE28BFE9}
		{95AE0695-33B1-3985-A4D0-B9E527693704} = {95AE0695-33B1-3985-A4D0-B9E527693704}
		{4EAF9FD2-3C0B-3BBE-BC70-30E705DA4645} = {4EAF9FD2-3C0B-3BBE-BC70-30E705DA4645}
		{89B873EC-ADC5-3B68-AC6D-F3A10F3CDD06} = {89B873EC-ADC5-3B68-AC6D-F3A10F3CDD06}
	EndProjectSection
EndProject
Project("{8BC9CEB8-8B4A-11D0-8D11-00A0C91BC942}") = "ProjectTreeExtend", "ProjectTreeExtend\ProjectTreeExtend.vcxproj", "{F1654B5B-F2E1-3DAB-BD76-CAF52F57F180}"
	ProjectSection(ProjectDependencies) = postProject
		{4EAF9FD2-3C0B-3BBE-BC70-30E705DA4645} = {4EAF9FD2-3C0B-3BBE-BC70-30E705DA4645}
	EndProjectSection
EndProject
Project("{8BC9CEB8-8B4A-11D0-8D11-00A0C91BC942}") = "Material", "Material\Material.vcxproj", "{9C4757F0-2DEC-370C-8237-7D07BC983512}"
	ProjectSection(ProjectDependencies) = postProject
		{D178B917-370A-38A1-A9C4-CBDE18F2C16E} = {D178B917-370A-38A1-A9C4-CBDE18F2C16E}
		{7CA5C965-D2E5-31A0-A055-8117C6642095} = {7CA5C965-D2E5-31A0-A055-8117C6642095}
		{DF90AABC-4798-349A-AE05-92861C6B82D2} = {DF90AABC-4798-349A-AE05-92861C6B82D2}
	EndProjectSection
EndProject
Project("{8BC9CEB8-8B4A-11D0-8D11-00A0C91BC942}") = "PythonModule", "python\PythonModule.vcxproj", "{D1389573-7215-30CF-9ECA-FA250C4EEA1F}"
EndProject
Project("{8BC9CEB8-8B4A-11D0-8D11-00A0C91BC942}") = "GeometryWidgets", "GeometryWidgets\GeometryWidgets.vcxproj", "{CEDA4699-C036-3F00-B96E-9290701D5AD8}"
	ProjectSection(ProjectDependencies) = postProject
		{D1389573-7215-30CF-9ECA-FA250C4EEA1F} = {D1389573-7215-30CF-9ECA-FA250C4EEA1F}
		{B05F9CD2-9DA0-3888-AD2D-45F7C2EF9B8D} = {B05F9CD2-9DA0-3888-AD2D-45F7C2EF9B8D}
	EndProjectSection
EndProject
Project("{8BC9CEB8-8B4A-11D0-8D11-00A0C91BC942}") = "GeometryCommand", "GeometryCommand\GeometryCommand.vcxproj", "{B05F9CD2-9DA0-3888-AD2D-45F7C2EF9B8D}"
	ProjectSection(ProjectDependencies) = postProject
		{7CA5C965-D2E5-31A0-A055-8117C6642095} = {7CA5C965-D2E5-31A0-A055-8117C6642095}
		{EB665AA5-0576-34AA-A166-E3D668F14E91} = {EB665AA5-0576-34AA-A166-E3D668F14E91}
		{7305E7CE-2A0A-3128-813A-FD1A8CF68D77} = {7305E7CE-2A0A-3128-813A-FD1A8CF68D77}
	EndProjectSection
EndProject
Project("{8BC9CEB8-8B4A-11D0-8D11-00A0C91BC942}") = "PluginManager", "PluginManager\PluginManager.vcxproj", "{6FB8474C-6524-3328-82A2-0E5440DA8E0D}"
	ProjectSection(ProjectDependencies) = postProject
		{D178B917-370A-38A1-A9C4-CBDE18F2C16E} = {D178B917-370A-38A1-A9C4-CBDE18F2C16E}
		{7CA5C965-D2E5-31A0-A055-8117C6642095} = {7CA5C965-D2E5-31A0-A055-8117C6642095}
		{EB665AA5-0576-34AA-A166-E3D668F14E91} = {EB665AA5-0576-34AA-A166-E3D668F14E91}
	EndProjectSection
EndProject
Project("{2150E333-8FDC-42A3-9474-1A3956D46DE8}") = "FastCAE Platform", "FastCAE Platform", "{CDD1EA97-58F7-4500-9EF1-73EAF84995FF}"
EndProject
Project("{2150E333-8FDC-42A3-9474-1A3956D46DE8}") = "Post", "Post", "{B95B0FB6-1EC1-4457-B0DC-AABEAE956C17}"
EndProject
Project("{2150E333-8FDC-42A3-9474-1A3956D46DE8}") = "Plugins", "Plugins", "{6B0217E2-2915-4880-9C9A-EA8BFFA5C917}"
EndProject
Project("{8BC9CEB8-8B4A-11D0-8D11-00A0C91BC942}") = "PluginComplex", "PluginComplex\PluginComplex.vcxproj", "{FE4BBB4B-1444-39A9-9C1E-FA613CCCD093}"
	ProjectSection(ProjectDependencies) = postProject
		{95AE0695-33B1-3985-A4D0-B9E527693704} = {95AE0695-33B1-3985-A4D0-B9E527693704}
		{184036C0-D54E-32FC-85D4-E6437FDF8A8B} = {184036C0-D54E-32FC-85D4-E6437FDF8A8B}
	EndProjectSection
EndProject
Project("{8BC9CEB8-8B4A-11D0-8D11-00A0C91BC942}") = "PluginMachinery", "PluginMachinery\PluginMachinery.vcxproj", "{62097A73-0BB9-3967-8708-B673D5A1D5CD}"
	ProjectSection(ProjectDependencies) = postProject
		{184036C0-D54E-32FC-85D4-E6437FDF8A8B} = {184036C0-D54E-32FC-85D4-E6437FDF8A8B}
	EndProjectSection
EndProject
Project("{8BC9CEB8-8B4A-11D0-8D11-00A0C91BC942}") = "GmshModule", "Gmsh\GmshModule.vcxproj", "{28D86B9D-788A-3058-840C-0A5F10DAD5A7}"
	ProjectSection(ProjectDependencies) = postProject
		{F5D9EC0C-511A-3BF0-B32A-510AB039C26A} = {F5D9EC0C-511A-3BF0-B32A-510AB039C26A}
		{D178B917-370A-38A1-A9C4-CBDE18F2C16E} = {D178B917-370A-38A1-A9C4-CBDE18F2C16E}
		{23918C4C-636C-3E92-AE0A-3C8C64BAA5B5} = {23918C4C-636C-3E92-AE0A-3C8C64BAA5B5}
		{7CA5C965-D2E5-31A0-A055-8117C6642095} = {7CA5C965-D2E5-31A0-A055-8117C6642095}
		{D1389573-7215-30CF-9ECA-FA250C4EEA1F} = {D1389573-7215-30CF-9ECA-FA250C4EEA1F}
		{CEDA4699-C036-3F00-B96E-9290701D5AD8} = {CEDA4699-C036-3F00-B96E-9290701D5AD8}
		{DF90AABC-4798-349A-AE05-92861C6B82D2} = {DF90AABC-4798-349A-AE05-92861C6B82D2}
		{7305E7CE-2A0A-3128-813A-FD1A8CF68D77} = {7305E7CE-2A0A-3128-813A-FD1A8CF68D77}
	EndProjectSection
EndProject
Project("{8BC9CEB8-8B4A-11D0-8D11-00A0C91BC942}") = "PluginCustomizer", "PluginCustomizer\PluginCustomizer.vcxproj", "{64B80E3E-2169-30EA-8315-9B1D0ECA1D32}"
	ProjectSection(ProjectDependencies) = postProject
		{F5D9EC0C-511A-3BF0-B32A-510AB039C26A} = {F5D9EC0C-511A-3BF0-B32A-510AB039C26A}
		{95AE0695-33B1-3985-A4D0-B9E527693704} = {95AE0695-33B1-3985-A4D0-B9E527693704}
		{184036C0-D54E-32FC-85D4-E6437FDF8A8B} = {184036C0-D54E-32FC-85D4-E6437FDF8A8B}
	EndProjectSection
EndProject
Project("{8BC9CEB8-8B4A-11D0-8D11-00A0C91BC942}") = "PluginHullCut", "PluginHull\PluginHullCut.vcxproj", "{48094C92-1F6A-36E3-8EA2-CB52BBE6E8CA}"
	ProjectSection(ProjectDependencies) = postProject
		{95AE0695-33B1-3985-A4D0-B9E527693704} = {95AE0695-33B1-3985-A4D0-B9E527693704}
		{184036C0-D54E-32FC-85D4-E6437FDF8A8B} = {184036C0-D54E-32FC-85D4-E6437FDF8A8B}
	EndProjectSection
EndProject
Project("{8BC9CEB8-8B4A-11D0-8D11-00A0C91BC942}") = "PluginModel", "PluginModel\PluginModel.vcxproj", "{56B3E6FE-71AC-3177-B9AB-60B842D88DE6}"
	ProjectSection(ProjectDependencies) = postProject
		{184036C0-D54E-32FC-85D4-E6437FDF8A8B} = {184036C0-D54E-32FC-85D4-E6437FDF8A8B}
	EndProjectSection
EndProject
Project("{8BC9CEB8-8B4A-11D0-8D11-00A0C91BC942}") = "PluginETS", "PluginETS\PluginETS.vcxproj", "{B1FD0E99-0933-3128-9078-D633AE6ACA18}"
	ProjectSection(ProjectDependencies) = postProject
		{95AE0695-33B1-3985-A4D0-B9E527693704} = {95AE0695-33B1-3985-A4D0-B9E527693704}
		{184036C0-D54E-32FC-85D4-E6437FDF8A8B} = {184036C0-D54E-32FC-85D4-E6437FDF8A8B}
	EndProjectSection
EndProject
Project("{8BC9CEB8-8B4A-11D0-8D11-00A0C91BC942}") = "UserGuidence", "UserGuidence\UserGuidence.vcxproj", "{1754671D-0FB7-3B31-A1E3-D716458783CC}"
EndProject
Global
	GlobalSection(SolutionConfigurationPlatforms) = preSolution
		Debug|x64 = Debug|x64
		Release|x64 = Release|x64
	EndGlobalSection
	GlobalSection(ProjectConfigurationPlatforms) = postSolution
		{7305E7CE-2A0A-3128-813A-FD1A8CF68D77}.Debug|x64.ActiveCfg = Debug|x64
		{7305E7CE-2A0A-3128-813A-FD1A8CF68D77}.Debug|x64.Build.0 = Debug|x64
		{7305E7CE-2A0A-3128-813A-FD1A8CF68D77}.Release|x64.ActiveCfg = Release|x64
		{7305E7CE-2A0A-3128-813A-FD1A8CF68D77}.Release|x64.Build.0 = Release|x64
		{79DD782D-EFFA-3EA5-BCE4-9D8BE374ECE2}.Debug|x64.ActiveCfg = Debug|x64
		{79DD782D-EFFA-3EA5-BCE4-9D8BE374ECE2}.Debug|x64.Build.0 = Debug|x64
		{79DD782D-EFFA-3EA5-BCE4-9D8BE374ECE2}.Release|x64.ActiveCfg = Release|x64
		{79DD782D-EFFA-3EA5-BCE4-9D8BE374ECE2}.Release|x64.Build.0 = Release|x64
		{95AE0695-33B1-3985-A4D0-B9E527693704}.Debug|x64.ActiveCfg = Debug|x64
		{95AE0695-33B1-3985-A4D0-B9E527693704}.Debug|x64.Build.0 = Debug|x64
		{95AE0695-33B1-3985-A4D0-B9E527693704}.Release|x64.ActiveCfg = Release|x64
		{95AE0695-33B1-3985-A4D0-B9E527693704}.Release|x64.Build.0 = Release|x64
		{23918C4C-636C-3E92-AE0A-3C8C64BAA5B5}.Debug|x64.ActiveCfg = Debug|x64
		{23918C4C-636C-3E92-AE0A-3C8C64BAA5B5}.Debug|x64.Build.0 = Debug|x64
		{23918C4C-636C-3E92-AE0A-3C8C64BAA5B5}.Release|x64.ActiveCfg = Release|x64
		{23918C4C-636C-3E92-AE0A-3C8C64BAA5B5}.Release|x64.Build.0 = Release|x64
		{FFD5775F-4B1F-3575-A0BC-F79E74FE5B49}.Debug|x64.ActiveCfg = Debug|x64
		{FFD5775F-4B1F-3575-A0BC-F79E74FE5B49}.Debug|x64.Build.0 = Debug|x64
		{FFD5775F-4B1F-3575-A0BC-F79E74FE5B49}.Release|x64.ActiveCfg = Release|x64
		{FFD5775F-4B1F-3575-A0BC-F79E74FE5B49}.Release|x64.Build.0 = Release|x64
		{EB665AA5-0576-34AA-A166-E3D668F14E91}.Debug|x64.ActiveCfg = Debug|x64
		{EB665AA5-0576-34AA-A166-E3D668F14E91}.Debug|x64.Build.0 = Debug|x64
		{EB665AA5-0576-34AA-A166-E3D668F14E91}.Release|x64.ActiveCfg = Release|x64
		{EB665AA5-0576-34AA-A166-E3D668F14E91}.Release|x64.Build.0 = Release|x64
		{D178B917-370A-38A1-A9C4-CBDE18F2C16E}.Debug|x64.ActiveCfg = Debug|x64
		{D178B917-370A-38A1-A9C4-CBDE18F2C16E}.Debug|x64.Build.0 = Debug|x64
		{D178B917-370A-38A1-A9C4-CBDE18F2C16E}.Release|x64.ActiveCfg = Release|x64
		{D178B917-370A-38A1-A9C4-CBDE18F2C16E}.Release|x64.Build.0 = Release|x64
		{F5D9EC0C-511A-3BF0-B32A-510AB039C26A}.Debug|x64.ActiveCfg = Debug|x64
		{F5D9EC0C-511A-3BF0-B32A-510AB039C26A}.Debug|x64.Build.0 = Debug|x64
		{F5D9EC0C-511A-3BF0-B32A-510AB039C26A}.Release|x64.ActiveCfg = Release|x64
		{F5D9EC0C-511A-3BF0-B32A-510AB039C26A}.Release|x64.Build.0 = Release|x64
		{C74CC820-4754-37BF-B883-1710F5C50F8F}.Debug|x64.ActiveCfg = Debug|x64
		{C74CC820-4754-37BF-B883-1710F5C50F8F}.Debug|x64.Build.0 = Debug|x64
		{C74CC820-4754-37BF-B883-1710F5C50F8F}.Release|x64.ActiveCfg = Release|x64
		{C74CC820-4754-37BF-B883-1710F5C50F8F}.Release|x64.Build.0 = Release|x64
		{7CA5C965-D2E5-31A0-A055-8117C6642095}.Debug|x64.ActiveCfg = Debug|x64
		{7CA5C965-D2E5-31A0-A055-8117C6642095}.Debug|x64.Build.0 = Debug|x64
		{7CA5C965-D2E5-31A0-A055-8117C6642095}.Release|x64.ActiveCfg = Release|x64
		{7CA5C965-D2E5-31A0-A055-8117C6642095}.Release|x64.Build.0 = Release|x64
		{DF90AABC-4798-349A-AE05-92861C6B82D2}.Debug|x64.ActiveCfg = Debug|x64
		{DF90AABC-4798-349A-AE05-92861C6B82D2}.Debug|x64.Build.0 = Debug|x64
		{DF90AABC-4798-349A-AE05-92861C6B82D2}.Release|x64.ActiveCfg = Release|x64
		{DF90AABC-4798-349A-AE05-92861C6B82D2}.Release|x64.Build.0 = Release|x64
		{A28AA7F0-35C5-395D-AC8A-3F553D8C997F}.Debug|x64.ActiveCfg = Debug|x64
		{A28AA7F0-35C5-395D-AC8A-3F553D8C997F}.Debug|x64.Build.0 = Debug|x64
		{A28AA7F0-35C5-395D-AC8A-3F553D8C997F}.Release|x64.ActiveCfg = Release|x64
		{A28AA7F0-35C5-395D-AC8A-3F553D8C997F}.Release|x64.Build.0 = Release|x64
		{028E169A-AB88-312A-8CB8-95B59B21573C}.Debug|x64.ActiveCfg = Debug|x64
		{028E169A-AB88-312A-8CB8-95B59B21573C}.Debug|x64.Build.0 = Debug|x64
		{028E169A-AB88-312A-8CB8-95B59B21573C}.Release|x64.ActiveCfg = Release|x64
		{028E169A-AB88-312A-8CB8-95B59B21573C}.Release|x64.Build.0 = Release|x64
		{3B50AE27-A468-3B57-9B2E-6CD93C932420}.Debug|x64.ActiveCfg = Debug|x64
		{3B50AE27-A468-3B57-9B2E-6CD93C932420}.Debug|x64.Build.0 = Debug|x64
		{3B50AE27-A468-3B57-9B2E-6CD93C932420}.Release|x64.ActiveCfg = Release|x64
		{3B50AE27-A468-3B57-9B2E-6CD93C932420}.Release|x64.Build.0 = Release|x64
		{596EFAC9-F367-3FB3-96B8-219278C4CA23}.Debug|x64.ActiveCfg = Debug|x64
		{596EFAC9-F367-3FB3-96B8-219278C4CA23}.Debug|x64.Build.0 = Debug|x64
		{596EFAC9-F367-3FB3-96B8-219278C4CA23}.Release|x64.ActiveCfg = Release|x64
		{596EFAC9-F367-3FB3-96B8-219278C4CA23}.Release|x64.Build.0 = Release|x64
		{7874A3EF-D4C4-3292-B513-CEE61193E725}.Debug|x64.ActiveCfg = Debug|x64
		{7874A3EF-D4C4-3292-B513-CEE61193E725}.Debug|x64.Build.0 = Debug|x64
		{7874A3EF-D4C4-3292-B513-CEE61193E725}.Release|x64.ActiveCfg = Release|x64
		{7874A3EF-D4C4-3292-B513-CEE61193E725}.Release|x64.Build.0 = Release|x64
		{009EF0CF-314D-3AD5-A531-B83E35115A38}.Debug|x64.ActiveCfg = Debug|x64
		{009EF0CF-314D-3AD5-A531-B83E35115A38}.Debug|x64.Build.0 = Debug|x64
		{009EF0CF-314D-3AD5-A531-B83E35115A38}.Release|x64.ActiveCfg = Release|x64
		{009EF0CF-314D-3AD5-A531-B83E35115A38}.Release|x64.Build.0 = Release|x64
		{B8A5993E-3561-38A2-BE86-1819CE28BFE9}.Debug|x64.ActiveCfg = Debug|x64
		{B8A5993E-3561-38A2-BE86-1819CE28BFE9}.Debug|x64.Build.0 = Debug|x64
		{B8A5993E-3561-38A2-BE86-1819CE28BFE9}.Release|x64.ActiveCfg = Release|x64
		{B8A5993E-3561-38A2-BE86-1819CE28BFE9}.Release|x64.Build.0 = Release|x64
		{4EAF9FD2-3C0B-3BBE-BC70-30E705DA4645}.Debug|x64.ActiveCfg = Debug|x64
		{4EAF9FD2-3C0B-3BBE-BC70-30E705DA4645}.Debug|x64.Build.0 = Debug|x64
		{4EAF9FD2-3C0B-3BBE-BC70-30E705DA4645}.Release|x64.ActiveCfg = Release|x64
		{4EAF9FD2-3C0B-3BBE-BC70-30E705DA4645}.Release|x64.Build.0 = Release|x64
		{69C823A7-5851-3DFA-8EDA-AF4D00F5DE96}.Debug|x64.ActiveCfg = Debug|x64
		{69C823A7-5851-3DFA-8EDA-AF4D00F5DE96}.Debug|x64.Build.0 = Debug|x64
		{69C823A7-5851-3DFA-8EDA-AF4D00F5DE96}.Release|x64.ActiveCfg = Release|x64
		{69C823A7-5851-3DFA-8EDA-AF4D00F5DE96}.Release|x64.Build.0 = Release|x64
		{89B873EC-ADC5-3B68-AC6D-F3A10F3CDD06}.Debug|x64.ActiveCfg = Debug|x64
		{89B873EC-ADC5-3B68-AC6D-F3A10F3CDD06}.Debug|x64.Build.0 = Debug|x64
		{89B873EC-ADC5-3B68-AC6D-F3A10F3CDD06}.Release|x64.ActiveCfg = Release|x64
		{89B873EC-ADC5-3B68-AC6D-F3A10F3CDD06}.Release|x64.Build.0 = Release|x64
		{CE4F834D-DD4E-3BF0-BAEE-B60C56292A46}.Debug|x64.ActiveCfg = Debug|x64
		{CE4F834D-DD4E-3BF0-BAEE-B60C56292A46}.Debug|x64.Build.0 = Debug|x64
		{CE4F834D-DD4E-3BF0-BAEE-B60C56292A46}.Release|x64.ActiveCfg = Release|x64
		{CE4F834D-DD4E-3BF0-BAEE-B60C56292A46}.Release|x64.Build.0 = Release|x64
		{184036C0-D54E-32FC-85D4-E6437FDF8A8B}.Debug|x64.ActiveCfg = Debug|x64
		{184036C0-D54E-32FC-85D4-E6437FDF8A8B}.Debug|x64.Build.0 = Debug|x64
		{184036C0-D54E-32FC-85D4-E6437FDF8A8B}.Release|x64.ActiveCfg = Release|x64
		{184036C0-D54E-32FC-85D4-E6437FDF8A8B}.Release|x64.Build.0 = Release|x64
		{F1654B5B-F2E1-3DAB-BD76-CAF52F57F180}.Debug|x64.ActiveCfg = Debug|x64
		{F1654B5B-F2E1-3DAB-BD76-CAF52F57F180}.Debug|x64.Build.0 = Debug|x64
		{F1654B5B-F2E1-3DAB-BD76-CAF52F57F180}.Release|x64.ActiveCfg = Release|x64
		{F1654B5B-F2E1-3DAB-BD76-CAF52F57F180}.Release|x64.Build.0 = Release|x64
		{9C4757F0-2DEC-370C-8237-7D07BC983512}.Debug|x64.ActiveCfg = Debug|x64
		{9C4757F0-2DEC-370C-8237-7D07BC983512}.Debug|x64.Build.0 = Debug|x64
		{9C4757F0-2DEC-370C-8237-7D07BC983512}.Release|x64.ActiveCfg = Release|x64
		{9C4757F0-2DEC-370C-8237-7D07BC983512}.Release|x64.Build.0 = Release|x64
		{D1389573-7215-30CF-9ECA-FA250C4EEA1F}.Debug|x64.ActiveCfg = Debug|x64
		{D1389573-7215-30CF-9ECA-FA250C4EEA1F}.Debug|x64.Build.0 = Debug|x64
		{D1389573-7215-30CF-9ECA-FA250C4EEA1F}.Release|x64.ActiveCfg = Release|x64
		{D1389573-7215-30CF-9ECA-FA250C4EEA1F}.Release|x64.Build.0 = Release|x64
		{CEDA4699-C036-3F00-B96E-9290701D5AD8}.Debug|x64.ActiveCfg = Debug|x64
		{CEDA4699-C036-3F00-B96E-9290701D5AD8}.Debug|x64.Build.0 = Debug|x64
		{CEDA4699-C036-3F00-B96E-9290701D5AD8}.Release|x64.ActiveCfg = Release|x64
		{CEDA4699-C036-3F00-B96E-9290701D5AD8}.Release|x64.Build.0 = Release|x64
		{B05F9CD2-9DA0-3888-AD2D-45F7C2EF9B8D}.Debug|x64.ActiveCfg = Debug|x64
		{B05F9CD2-9DA0-3888-AD2D-45F7C2EF9B8D}.Debug|x64.Build.0 = Debug|x64
		{B05F9CD2-9DA0-3888-AD2D-45F7C2EF9B8D}.Release|x64.ActiveCfg = Release|x64
		{B05F9CD2-9DA0-3888-AD2D-45F7C2EF9B8D}.Release|x64.Build.0 = Release|x64
		{6FB8474C-6524-3328-82A2-0E5440DA8E0D}.Debug|x64.ActiveCfg = Debug|x64
		{6FB8474C-6524-3328-82A2-0E5440DA8E0D}.Debug|x64.Build.0 = Debug|x64
		{6FB8474C-6524-3328-82A2-0E5440DA8E0D}.Release|x64.ActiveCfg = Release|x64
		{6FB8474C-6524-3328-82A2-0E5440DA8E0D}.Release|x64.Build.0 = Release|x64
		{FE4BBB4B-1444-39A9-9C1E-FA613CCCD093}.Debug|x64.ActiveCfg = Debug|x64
		{FE4BBB4B-1444-39A9-9C1E-FA613CCCD093}.Debug|x64.Build.0 = Debug|x64
		{FE4BBB4B-1444-39A9-9C1E-FA613CCCD093}.Release|x64.ActiveCfg = Release|x64
		{FE4BBB4B-1444-39A9-9C1E-FA613CCCD093}.Release|x64.Build.0 = Release|x64
		{62097A73-0BB9-3967-8708-B673D5A1D5CD}.Debug|x64.ActiveCfg = Debug|x64
		{62097A73-0BB9-3967-8708-B673D5A1D5CD}.Debug|x64.Build.0 = Debug|x64
		{62097A73-0BB9-3967-8708-B673D5A1D5CD}.Release|x64.ActiveCfg = Release|x64
		{62097A73-0BB9-3967-8708-B673D5A1D5CD}.Release|x64.Build.0 = Release|x64
		{28D86B9D-788A-3058-840C-0A5F10DAD5A7}.Debug|x64.ActiveCfg = Debug|x64
		{28D86B9D-788A-3058-840C-0A5F10DAD5A7}.Debug|x64.Build.0 = Debug|x64
		{28D86B9D-788A-3058-840C-0A5F10DAD5A7}.Release|x64.ActiveCfg = Release|x64
		{28D86B9D-788A-3058-840C-0A5F10DAD5A7}.Release|x64.Build.0 = Release|x64
		{64B80E3E-2169-30EA-8315-9B1D0ECA1D32}.Debug|x64.ActiveCfg = Debug|x64
		{64B80E3E-2169-30EA-8315-9B1D0ECA1D32}.Debug|x64.Build.0 = Debug|x64
		{64B80E3E-2169-30EA-8315-9B1D0ECA1D32}.Release|x64.ActiveCfg = Release|x64
		{64B80E3E-2169-30EA-8315-9B1D0ECA1D32}.Release|x64.Build.0 = Release|x64
		{48094C92-1F6A-36E3-8EA2-CB52BBE6E8CA}.Debug|x64.ActiveCfg = Debug|x64
		{48094C92-1F6A-36E3-8EA2-CB52BBE6E8CA}.Debug|x64.Build.0 = Debug|x64
		{48094C92-1F6A-36E3-8EA2-CB52BBE6E8CA}.Release|x64.ActiveCfg = Release|x64
		{48094C92-1F6A-36E3-8EA2-CB52BBE6E8CA}.Release|x64.Build.0 = Release|x64
		{56B3E6FE-71AC-3177-B9AB-60B842D88DE6}.Debug|x64.ActiveCfg = Debug|x64
		{56B3E6FE-71AC-3177-B9AB-60B842D88DE6}.Debug|x64.Build.0 = Debug|x64
		{56B3E6FE-71AC-3177-B9AB-60B842D88DE6}.Release|x64.ActiveCfg = Release|x64
		{56B3E6FE-71AC-3177-B9AB-60B842D88DE6}.Release|x64.Build.0 = Release|x64
		{B1FD0E99-0933-3128-9078-D633AE6ACA18}.Debug|x64.ActiveCfg = Debug|x64
		{B1FD0E99-0933-3128-9078-D633AE6ACA18}.Debug|x64.Build.0 = Debug|x64
		{B1FD0E99-0933-3128-9078-D633AE6ACA18}.Release|x64.ActiveCfg = Release|x64
		{B1FD0E99-0933-3128-9078-D633AE6ACA18}.Release|x64.Build.0 = Release|x64
		{1754671D-0FB7-3B31-A1E3-D716458783CC}.Debug|x64.ActiveCfg = Debug|x64
		{1754671D-0FB7-3B31-A1E3-D716458783CC}.Debug|x64.Build.0 = Debug|x64
		{1754671D-0FB7-3B31-A1E3-D716458783CC}.Release|x64.ActiveCfg = Release|x64
		{1754671D-0FB7-3B31-A1E3-D716458783CC}.Release|x64.Build.0 = Release|x64
	EndGlobalSection
	GlobalSection(SolutionProperties) = preSolution
		HideSolutionNode = FALSE
	EndGlobalSection
	GlobalSection(NestedProjects) = preSolution
		{7305E7CE-2A0A-3128-813A-FD1A8CF68D77} = {CDD1EA97-58F7-4500-9EF1-73EAF84995FF}
		{79DD782D-EFFA-3EA5-BCE4-9D8BE374ECE2} = {CDD1EA97-58F7-4500-9EF1-73EAF84995FF}
		{95AE0695-33B1-3985-A4D0-B9E527693704} = {CDD1EA97-58F7-4500-9EF1-73EAF84995FF}
		{23918C4C-636C-3E92-AE0A-3C8C64BAA5B5} = {CDD1EA97-58F7-4500-9EF1-73EAF84995FF}
		{FFD5775F-4B1F-3575-A0BC-F79E74FE5B49} = {CDD1EA97-58F7-4500-9EF1-73EAF84995FF}
		{EB665AA5-0576-34AA-A166-E3D668F14E91} = {CDD1EA97-58F7-4500-9EF1-73EAF84995FF}
		{D178B917-370A-38A1-A9C4-CBDE18F2C16E} = {CDD1EA97-58F7-4500-9EF1-73EAF84995FF}
		{F5D9EC0C-511A-3BF0-B32A-510AB039C26A} = {CDD1EA97-58F7-4500-9EF1-73EAF84995FF}
		{C74CC820-4754-37BF-B883-1710F5C50F8F} = {CDD1EA97-58F7-4500-9EF1-73EAF84995FF}
		{7CA5C965-D2E5-31A0-A055-8117C6642095} = {CDD1EA97-58F7-4500-9EF1-73EAF84995FF}
		{DF90AABC-4798-349A-AE05-92861C6B82D2} = {CDD1EA97-58F7-4500-9EF1-73EAF84995FF}
		{A28AA7F0-35C5-395D-AC8A-3F553D8C997F} = {CDD1EA97-58F7-4500-9EF1-73EAF84995FF}
		{028E169A-AB88-312A-8CB8-95B59B21573C} = {B95B0FB6-1EC1-4457-B0DC-AABEAE956C17}
		{3B50AE27-A468-3B57-9B2E-6CD93C932420} = {B95B0FB6-1EC1-4457-B0DC-AABEAE956C17}
		{596EFAC9-F367-3FB3-96B8-219278C4CA23} = {B95B0FB6-1EC1-4457-B0DC-AABEAE956C17}
		{7874A3EF-D4C4-3292-B513-CEE61193E725} = {CDD1EA97-58F7-4500-9EF1-73EAF84995FF}
		{009EF0CF-314D-3AD5-A531-B83E35115A38} = {CDD1EA97-58F7-4500-9EF1-73EAF84995FF}
		{B8A5993E-3561-38A2-BE86-1819CE28BFE9} = {CDD1EA97-58F7-4500-9EF1-73EAF84995FF}
		{4EAF9FD2-3C0B-3BBE-BC70-30E705DA4645} = {CDD1EA97-58F7-4500-9EF1-73EAF84995FF}
		{69C823A7-5851-3DFA-8EDA-AF4D00F5DE96} = {CDD1EA97-58F7-4500-9EF1-73EAF84995FF}
		{89B873EC-ADC5-3B68-AC6D-F3A10F3CDD06} = {CDD1EA97-58F7-4500-9EF1-73EAF84995FF}
		{CE4F834D-DD4E-3BF0-BAEE-B60C56292A46} = {B95B0FB6-1EC1-4457-B0DC-AABEAE956C17}
		{184036C0-D54E-32FC-85D4-E6437FDF8A8B} = {CDD1EA97-58F7-4500-9EF1-73EAF84995FF}
		{F1654B5B-F2E1-3DAB-BD76-CAF52F57F180} = {CDD1EA97-58F7-4500-9EF1-73EAF84995FF}
		{9C4757F0-2DEC-370C-8237-7D07BC983512} = {CDD1EA97-58F7-4500-9EF1-73EAF84995FF}
		{D1389573-7215-30CF-9ECA-FA250C4EEA1F} = {CDD1EA97-58F7-4500-9EF1-73EAF84995FF}
		{CEDA4699-C036-3F00-B96E-9290701D5AD8} = {CDD1EA97-58F7-4500-9EF1-73EAF84995FF}
		{B05F9CD2-9DA0-3888-AD2D-45F7C2EF9B8D} = {CDD1EA97-58F7-4500-9EF1-73EAF84995FF}
		{6FB8474C-6524-3328-82A2-0E5440DA8E0D} = {CDD1EA97-58F7-4500-9EF1-73EAF84995FF}
		{FE4BBB4B-1444-39A9-9C1E-FA613CCCD093} = {6B0217E2-2915-4880-9C9A-EA8BFFA5C917}
		{62097A73-0BB9-3967-8708-B673D5A1D5CD} = {6B0217E2-2915-4880-9C9A-EA8BFFA5C917}
		{28D86B9D-788A-3058-840C-0A5F10DAD5A7} = {CDD1EA97-58F7-4500-9EF1-73EAF84995FF}
		{64B80E3E-2169-30EA-8315-9B1D0ECA1D32} = {6B0217E2-2915-4880-9C9A-EA8BFFA5C917}
		{48094C92-1F6A-36E3-8EA2-CB52BBE6E8CA} = {6B0217E2-2915-4880-9C9A-EA8BFFA5C917}
		{56B3E6FE-71AC-3177-B9AB-60B842D88DE6} = {6B0217E2-2915-4880-9C9A-EA8BFFA5C917}
		{B1FD0E99-0933-3128-9078-D633AE6ACA18} = {6B0217E2-2915-4880-9C9A-EA8BFFA5C917}
		{1754671D-0FB7-3B31-A1E3-D716458783CC} = {CDD1EA97-58F7-4500-9EF1-73EAF84995FF}
	EndGlobalSection
EndGlobal
