
Microsoft Visual Studio Solution File, Format Version 12.00
# Visual Studio 2013
VisualStudioVersion = 12.0.40629.0
MinimumVisualStudioVersion = 10.0.40219.1
Project("{8BC9CEB8-8B4A-11D0-8D11-00A0C91BC942}") = "Geometry", "geometry\Geometry.vcxproj", "{DE70844A-DAF5-3792-A992-D7408CE1051F}"
	ProjectSection(ProjectDependencies) = postProject
		{0E41273D-5C48-3479-9E9B-A5E7EA354813} = {0E41273D-5C48-3479-9E9B-A5E7EA354813}
	EndProjectSection
EndProject
Project("{8BC9CEB8-8B4A-11D0-8D11-00A0C91BC942}") = "IO", "IO\IO.vcxproj", "{2E6CB36E-0DC1-3F43-8EB7-8DB013C885A4}"
	ProjectSection(ProjectDependencies) = postProject
		{2B1D6427-CCD8-33E7-AA20-222F51B02434} = {2B1D6427-CCD8-33E7-AA20-222F51B02434}
		{A5727944-6DA6-3109-B03E-CB31A1F723D8} = {A5727944-6DA6-3109-B03E-CB31A1F723D8}
		{89F122CB-6531-3E42-B2F7-83A1D3A5A62F} = {89F122CB-6531-3E42-B2F7-83A1D3A5A62F}
		{5B470DC9-16AF-3178-8AE4-DF1B024D65A8} = {5B470DC9-16AF-3178-8AE4-DF1B024D65A8}
		{0E41273D-5C48-3479-9E9B-A5E7EA354813} = {0E41273D-5C48-3479-9E9B-A5E7EA354813}
		{D9DDB702-E536-3CC6-91BB-1F790D0ADE8B} = {D9DDB702-E536-3CC6-91BB-1F790D0ADE8B}
		{DE70844A-DAF5-3792-A992-D7408CE1051F} = {DE70844A-DAF5-3792-A992-D7408CE1051F}
		{07CD18F9-9A91-33DC-9C7C-3882A23FA4ED} = {07CD18F9-9A91-33DC-9C7C-3882A23FA4ED}
	EndProjectSection
EndProject
Project("{8BC9CEB8-8B4A-11D0-8D11-00A0C91BC942}") = "MainWindow", "mainWindow\MainWindow.vcxproj", "{F5F97A6B-5840-3A3B-A5F5-A5FC8F35CCA5}"
	ProjectSection(ProjectDependencies) = postProject
		{50E34D13-8DCA-3990-A4E0-F8C24EC28AB2} = {50E34D13-8DCA-3990-A4E0-F8C24EC28AB2}
		{2B1D6427-CCD8-33E7-AA20-222F51B02434} = {2B1D6427-CCD8-33E7-AA20-222F51B02434}
		{0AF15E15-AE2F-3DAD-99C3-52A212F7FB3E} = {0AF15E15-AE2F-3DAD-99C3-52A212F7FB3E}
		{3830C1D2-E592-384F-BF72-6469480EBBFB} = {3830C1D2-E592-384F-BF72-6469480EBBFB}
		{2E6CB36E-0DC1-3F43-8EB7-8DB013C885A4} = {2E6CB36E-0DC1-3F43-8EB7-8DB013C885A4}
		{A5727944-6DA6-3109-B03E-CB31A1F723D8} = {A5727944-6DA6-3109-B03E-CB31A1F723D8}
		{89F122CB-6531-3E42-B2F7-83A1D3A5A62F} = {89F122CB-6531-3E42-B2F7-83A1D3A5A62F}
		{3E7DB6A7-C8C6-3175-ACBD-6AC1A8D944F7} = {3E7DB6A7-C8C6-3175-ACBD-6AC1A8D944F7}
		{5B470DC9-16AF-3178-8AE4-DF1B024D65A8} = {5B470DC9-16AF-3178-8AE4-DF1B024D65A8}
		{0E41273D-5C48-3479-9E9B-A5E7EA354813} = {0E41273D-5C48-3479-9E9B-A5E7EA354813}
		{80232C79-B90C-3C83-AA29-26C0C31DB2D6} = {80232C79-B90C-3C83-AA29-26C0C31DB2D6}
		{EE8B8815-0867-3B68-A0BA-E5579E234BAF} = {EE8B8815-0867-3B68-A0BA-E5579E234BAF}
		{19D0E256-79C3-3289-AC4B-23007E4670E2} = {19D0E256-79C3-3289-AC4B-23007E4670E2}
		{D9DDB702-E536-3CC6-91BB-1F790D0ADE8B} = {D9DDB702-E536-3CC6-91BB-1F790D0ADE8B}
		{678DAA1E-D13B-36D4-9921-8556AB17A56F} = {678DAA1E-D13B-36D4-9921-8556AB17A56F}
		{DE70844A-DAF5-3792-A992-D7408CE1051F} = {DE70844A-DAF5-3792-A992-D7408CE1051F}
		{6328FC80-EA6C-32AC-B4BC-C1CE53A3A02F} = {6328FC80-EA6C-32AC-B4BC-C1CE53A3A02F}
		{521352D5-3035-3728-9E9D-A7D2C2C519FE} = {521352D5-3035-3728-9E9D-A7D2C2C519FE}
		{07CD18F9-9A91-33DC-9C7C-3882A23FA4ED} = {07CD18F9-9A91-33DC-9C7C-3882A23FA4ED}
		{5744CA4A-8699-3EE2-A223-48F981D15D80} = {5744CA4A-8699-3EE2-A223-48F981D15D80}
	EndProjectSection
EndProject
Project("{8BC9CEB8-8B4A-11D0-8D11-00A0C91BC942}") = "MeshData", "meshData\MeshData.vcxproj", "{89F122CB-6531-3E42-B2F7-83A1D3A5A62F}"
	ProjectSection(ProjectDependencies) = postProject
		{0E41273D-5C48-3479-9E9B-A5E7EA354813} = {0E41273D-5C48-3479-9E9B-A5E7EA354813}
	EndProjectSection
EndProject
Project("{8BC9CEB8-8B4A-11D0-8D11-00A0C91BC942}") = "ModelData", "ModelData\ModelData.vcxproj", "{5B470DC9-16AF-3178-8AE4-DF1B024D65A8}"
	ProjectSection(ProjectDependencies) = postProject
		{2B1D6427-CCD8-33E7-AA20-222F51B02434} = {2B1D6427-CCD8-33E7-AA20-222F51B02434}
		{0E41273D-5C48-3479-9E9B-A5E7EA354813} = {0E41273D-5C48-3479-9E9B-A5E7EA354813}
		{80232C79-B90C-3C83-AA29-26C0C31DB2D6} = {80232C79-B90C-3C83-AA29-26C0C31DB2D6}
		{72E879AC-01F8-3CD4-8B19-25BB86936169} = {72E879AC-01F8-3CD4-8B19-25BB86936169}
		{375AB297-1A3F-32BB-958B-5B2A4BB26420} = {375AB297-1A3F-32BB-958B-5B2A4BB26420}
		{73E4CB65-EB1E-322E-9936-C274E9C58B25} = {73E4CB65-EB1E-322E-9936-C274E9C58B25}
	EndProjectSection
EndProject
Project("{8BC9CEB8-8B4A-11D0-8D11-00A0C91BC942}") = "ModuleBase", "moduleBase\ModuleBase.vcxproj", "{D9DDB702-E536-3CC6-91BB-1F790D0ADE8B}"
	ProjectSection(ProjectDependencies) = postProject
		{2B1D6427-CCD8-33E7-AA20-222F51B02434} = {2B1D6427-CCD8-33E7-AA20-222F51B02434}
		{89F122CB-6531-3E42-B2F7-83A1D3A5A62F} = {89F122CB-6531-3E42-B2F7-83A1D3A5A62F}
		{5B470DC9-16AF-3178-8AE4-DF1B024D65A8} = {5B470DC9-16AF-3178-8AE4-DF1B024D65A8}
		{0E41273D-5C48-3479-9E9B-A5E7EA354813} = {0E41273D-5C48-3479-9E9B-A5E7EA354813}
		{678DAA1E-D13B-36D4-9921-8556AB17A56F} = {678DAA1E-D13B-36D4-9921-8556AB17A56F}
		{DE70844A-DAF5-3792-A992-D7408CE1051F} = {DE70844A-DAF5-3792-A992-D7408CE1051F}
	EndProjectSection
EndProject
Project("{8BC9CEB8-8B4A-11D0-8D11-00A0C91BC942}") = "Settings", "settings\Settings.vcxproj", "{2B1D6427-CCD8-33E7-AA20-222F51B02434}"
EndProject
Project("{8BC9CEB8-8B4A-11D0-8D11-00A0C91BC942}") = "MainWidgets", "MainWidgets\MainWidgets.vcxproj", "{50E34D13-8DCA-3990-A4E0-F8C24EC28AB2}"
	ProjectSection(ProjectDependencies) = postProject
		{2B1D6427-CCD8-33E7-AA20-222F51B02434} = {2B1D6427-CCD8-33E7-AA20-222F51B02434}
		{3830C1D2-E592-384F-BF72-6469480EBBFB} = {3830C1D2-E592-384F-BF72-6469480EBBFB}
		{2E6CB36E-0DC1-3F43-8EB7-8DB013C885A4} = {2E6CB36E-0DC1-3F43-8EB7-8DB013C885A4}
		{89F122CB-6531-3E42-B2F7-83A1D3A5A62F} = {89F122CB-6531-3E42-B2F7-83A1D3A5A62F}
		{3E7DB6A7-C8C6-3175-ACBD-6AC1A8D944F7} = {3E7DB6A7-C8C6-3175-ACBD-6AC1A8D944F7}
		{5B470DC9-16AF-3178-8AE4-DF1B024D65A8} = {5B470DC9-16AF-3178-8AE4-DF1B024D65A8}
		{0E41273D-5C48-3479-9E9B-A5E7EA354813} = {0E41273D-5C48-3479-9E9B-A5E7EA354813}
		{80232C79-B90C-3C83-AA29-26C0C31DB2D6} = {80232C79-B90C-3C83-AA29-26C0C31DB2D6}
		{EE8B8815-0867-3B68-A0BA-E5579E234BAF} = {EE8B8815-0867-3B68-A0BA-E5579E234BAF}
		{D9DDB702-E536-3CC6-91BB-1F790D0ADE8B} = {D9DDB702-E536-3CC6-91BB-1F790D0ADE8B}
		{678DAA1E-D13B-36D4-9921-8556AB17A56F} = {678DAA1E-D13B-36D4-9921-8556AB17A56F}
		{DE70844A-DAF5-3792-A992-D7408CE1051F} = {DE70844A-DAF5-3792-A992-D7408CE1051F}
		{6328FC80-EA6C-32AC-B4BC-C1CE53A3A02F} = {6328FC80-EA6C-32AC-B4BC-C1CE53A3A02F}
		{73E4CB65-EB1E-322E-9936-C274E9C58B25} = {73E4CB65-EB1E-322E-9936-C274E9C58B25}
	EndProjectSection
EndProject
Project("{8BC9CEB8-8B4A-11D0-8D11-00A0C91BC942}") = "SolverControl", "SolverControl\SolverControl.vcxproj", "{3830C1D2-E592-384F-BF72-6469480EBBFB}"
	ProjectSection(ProjectDependencies) = postProject
		{2B1D6427-CCD8-33E7-AA20-222F51B02434} = {2B1D6427-CCD8-33E7-AA20-222F51B02434}
		{2E6CB36E-0DC1-3F43-8EB7-8DB013C885A4} = {2E6CB36E-0DC1-3F43-8EB7-8DB013C885A4}
		{5B470DC9-16AF-3178-8AE4-DF1B024D65A8} = {5B470DC9-16AF-3178-8AE4-DF1B024D65A8}
		{0E41273D-5C48-3479-9E9B-A5E7EA354813} = {0E41273D-5C48-3479-9E9B-A5E7EA354813}
		{80232C79-B90C-3C83-AA29-26C0C31DB2D6} = {80232C79-B90C-3C83-AA29-26C0C31DB2D6}
		{D9DDB702-E536-3CC6-91BB-1F790D0ADE8B} = {D9DDB702-E536-3CC6-91BB-1F790D0ADE8B}
		{678DAA1E-D13B-36D4-9921-8556AB17A56F} = {678DAA1E-D13B-36D4-9921-8556AB17A56F}
		{73E4CB65-EB1E-322E-9936-C274E9C58B25} = {73E4CB65-EB1E-322E-9936-C274E9C58B25}
		{5744CA4A-8699-3EE2-A223-48F981D15D80} = {5744CA4A-8699-3EE2-A223-48F981D15D80}
	EndProjectSection
EndProject
Project("{8BC9CEB8-8B4A-11D0-8D11-00A0C91BC942}") = "DataProperty", "DataProperty\DataProperty.vcxproj", "{0E41273D-5C48-3479-9E9B-A5E7EA354813}"
	ProjectSection(ProjectDependencies) = postProject
		{80232C79-B90C-3C83-AA29-26C0C31DB2D6} = {80232C79-B90C-3C83-AA29-26C0C31DB2D6}
	EndProjectSection
EndProject
Project("{8BC9CEB8-8B4A-11D0-8D11-00A0C91BC942}") = "SelfDefObject", "SelfDefObject\SelfDefObject.vcxproj", "{678DAA1E-D13B-36D4-9921-8556AB17A56F}"
	ProjectSection(ProjectDependencies) = postProject
		{2B1D6427-CCD8-33E7-AA20-222F51B02434} = {2B1D6427-CCD8-33E7-AA20-222F51B02434}
		{0E41273D-5C48-3479-9E9B-A5E7EA354813} = {0E41273D-5C48-3479-9E9B-A5E7EA354813}
	EndProjectSection
EndProject
Project("{8BC9CEB8-8B4A-11D0-8D11-00A0C91BC942}") = "PostWidgets", "PostWidgets\PostWidgets.vcxproj", "{5744CA4A-8699-3EE2-A223-48F981D15D80}"
	ProjectSection(ProjectDependencies) = postProject
		{2B1D6427-CCD8-33E7-AA20-222F51B02434} = {2B1D6427-CCD8-33E7-AA20-222F51B02434}
		{C60E3BD4-ACBA-32ED-83A1-F232479377E9} = {C60E3BD4-ACBA-32ED-83A1-F232479377E9}
		{5B470DC9-16AF-3178-8AE4-DF1B024D65A8} = {5B470DC9-16AF-3178-8AE4-DF1B024D65A8}
		{FD8B7D49-40D3-3A6D-A37F-773D460C7359} = {FD8B7D49-40D3-3A6D-A37F-773D460C7359}
		{D9DDB702-E536-3CC6-91BB-1F790D0ADE8B} = {D9DDB702-E536-3CC6-91BB-1F790D0ADE8B}
		{556A7CC7-63B7-3432-BD17-A94728277CE1} = {556A7CC7-63B7-3432-BD17-A94728277CE1}
		{73E4CB65-EB1E-322E-9936-C274E9C58B25} = {73E4CB65-EB1E-322E-9936-C274E9C58B25}
	EndProjectSection
EndProject
Project("{8BC9CEB8-8B4A-11D0-8D11-00A0C91BC942}") = "CurveAnalyse", "CurveAnalyse\CurveAnalyse.vcxproj", "{FD8B7D49-40D3-3A6D-A37F-773D460C7359}"
	ProjectSection(ProjectDependencies) = postProject
		{556A7CC7-63B7-3432-BD17-A94728277CE1} = {556A7CC7-63B7-3432-BD17-A94728277CE1}
	EndProjectSection
EndProject
Project("{8BC9CEB8-8B4A-11D0-8D11-00A0C91BC942}") = "GraphicsAnalyse", "GraphicsAnalyse\GraphicsAnalyse.vcxproj", "{C60E3BD4-ACBA-32ED-83A1-F232479377E9}"
	ProjectSection(ProjectDependencies) = postProject
		{B47C20BA-BEC2-3942-965D-BB82D4C6C8D0} = {B47C20BA-BEC2-3942-965D-BB82D4C6C8D0}
		{FD8B7D49-40D3-3A6D-A37F-773D460C7359} = {FD8B7D49-40D3-3A6D-A37F-773D460C7359}
		{556A7CC7-63B7-3432-BD17-A94728277CE1} = {556A7CC7-63B7-3432-BD17-A94728277CE1}
	EndProjectSection
EndProject
Project("{8BC9CEB8-8B4A-11D0-8D11-00A0C91BC942}") = "HeuDataSrcIO", "HeuDataSrcIO\HeuDataSrcIO.vcxproj", "{556A7CC7-63B7-3432-BD17-A94728277CE1}"
	ProjectSection(ProjectDependencies) = postProject
		{B47C20BA-BEC2-3942-965D-BB82D4C6C8D0} = {B47C20BA-BEC2-3942-965D-BB82D4C6C8D0}
	EndProjectSection
EndProject
Project("{8BC9CEB8-8B4A-11D0-8D11-00A0C91BC942}") = "XGenerateReport", "XGenerateReport\XGenerateReport.vcxproj", "{521352D5-3035-3728-9E9D-A7D2C2C519FE}"
EndProject
Project("{8BC9CEB8-8B4A-11D0-8D11-00A0C91BC942}") = "BCBase", "BCBase\BCBase.vcxproj", "{375AB297-1A3F-32BB-958B-5B2A4BB26420}"
	ProjectSection(ProjectDependencies) = postProject
		{89F122CB-6531-3E42-B2F7-83A1D3A5A62F} = {89F122CB-6531-3E42-B2F7-83A1D3A5A62F}
		{0E41273D-5C48-3479-9E9B-A5E7EA354813} = {0E41273D-5C48-3479-9E9B-A5E7EA354813}
	EndProjectSection
EndProject
Project("{8BC9CEB8-8B4A-11D0-8D11-00A0C91BC942}") = "License", "License\License.vcxproj", "{EC3C64E2-00B4-35CC-A84C-84CED66E1B2C}"
	ProjectSection(ProjectDependencies) = postProject
		{2B1D6427-CCD8-33E7-AA20-222F51B02434} = {2B1D6427-CCD8-33E7-AA20-222F51B02434}
	EndProjectSection
EndProject
Project("{8BC9CEB8-8B4A-11D0-8D11-00A0C91BC942}") = "ProjectTree", "ProjectTree\ProjectTree.vcxproj", "{6328FC80-EA6C-32AC-B4BC-C1CE53A3A02F}"
	ProjectSection(ProjectDependencies) = postProject
		{2B1D6427-CCD8-33E7-AA20-222F51B02434} = {2B1D6427-CCD8-33E7-AA20-222F51B02434}
		{89F122CB-6531-3E42-B2F7-83A1D3A5A62F} = {89F122CB-6531-3E42-B2F7-83A1D3A5A62F}
		{5B470DC9-16AF-3178-8AE4-DF1B024D65A8} = {5B470DC9-16AF-3178-8AE4-DF1B024D65A8}
		{0E41273D-5C48-3479-9E9B-A5E7EA354813} = {0E41273D-5C48-3479-9E9B-A5E7EA354813}
		{80232C79-B90C-3C83-AA29-26C0C31DB2D6} = {80232C79-B90C-3C83-AA29-26C0C31DB2D6}
		{D9DDB702-E536-3CC6-91BB-1F790D0ADE8B} = {D9DDB702-E536-3CC6-91BB-1F790D0ADE8B}
		{72E879AC-01F8-3CD4-8B19-25BB86936169} = {72E879AC-01F8-3CD4-8B19-25BB86936169}
		{DE70844A-DAF5-3792-A992-D7408CE1051F} = {DE70844A-DAF5-3792-A992-D7408CE1051F}
		{375AB297-1A3F-32BB-958B-5B2A4BB26420} = {375AB297-1A3F-32BB-958B-5B2A4BB26420}
		{73E4CB65-EB1E-322E-9936-C274E9C58B25} = {73E4CB65-EB1E-322E-9936-C274E9C58B25}
		{07CD18F9-9A91-33DC-9C7C-3882A23FA4ED} = {07CD18F9-9A91-33DC-9C7C-3882A23FA4ED}
		{5744CA4A-8699-3EE2-A223-48F981D15D80} = {5744CA4A-8699-3EE2-A223-48F981D15D80}
	EndProjectSection
EndProject
Project("{8BC9CEB8-8B4A-11D0-8D11-00A0C91BC942}") = "ParaClassFactory", "ParaClassFactory\ParaClassFactory.vcxproj", "{72E879AC-01F8-3CD4-8B19-25BB86936169}"
	ProjectSection(ProjectDependencies) = postProject
		{0E41273D-5C48-3479-9E9B-A5E7EA354813} = {0E41273D-5C48-3479-9E9B-A5E7EA354813}
		{375AB297-1A3F-32BB-958B-5B2A4BB26420} = {375AB297-1A3F-32BB-958B-5B2A4BB26420}
		{73E4CB65-EB1E-322E-9936-C274E9C58B25} = {73E4CB65-EB1E-322E-9936-C274E9C58B25}
	EndProjectSection
EndProject
Project("{8BC9CEB8-8B4A-11D0-8D11-00A0C91BC942}") = "ConfigOptions", "ConfigOptions\ConfigOptions.vcxproj", "{73E4CB65-EB1E-322E-9936-C274E9C58B25}"
	ProjectSection(ProjectDependencies) = postProject
		{2B1D6427-CCD8-33E7-AA20-222F51B02434} = {2B1D6427-CCD8-33E7-AA20-222F51B02434}
		{0E41273D-5C48-3479-9E9B-A5E7EA354813} = {0E41273D-5C48-3479-9E9B-A5E7EA354813}
		{80232C79-B90C-3C83-AA29-26C0C31DB2D6} = {80232C79-B90C-3C83-AA29-26C0C31DB2D6}
		{375AB297-1A3F-32BB-958B-5B2A4BB26420} = {375AB297-1A3F-32BB-958B-5B2A4BB26420}
		{07CD18F9-9A91-33DC-9C7C-3882A23FA4ED} = {07CD18F9-9A91-33DC-9C7C-3882A23FA4ED}
	EndProjectSection
EndProject
Project("{8BC9CEB8-8B4A-11D0-8D11-00A0C91BC942}") = "SolutionDataIO", "SolutionDataIO\SolutionDataIO.vcxproj", "{B47C20BA-BEC2-3942-965D-BB82D4C6C8D0}"
EndProject
Project("{8BC9CEB8-8B4A-11D0-8D11-00A0C91BC942}") = "FastCAE", "main\FastCAE.vcxproj", "{633FEDEF-1347-362C-9B06-1333465AD6C2}"
	ProjectSection(ProjectDependencies) = postProject
		{EC3C64E2-00B4-35CC-A84C-84CED66E1B2C} = {EC3C64E2-00B4-35CC-A84C-84CED66E1B2C}
		{F5F97A6B-5840-3A3B-A5F5-A5FC8F35CCA5} = {F5F97A6B-5840-3A3B-A5F5-A5FC8F35CCA5}
		{6328FC80-EA6C-32AC-B4BC-C1CE53A3A02F} = {6328FC80-EA6C-32AC-B4BC-C1CE53A3A02F}
		{73E4CB65-EB1E-322E-9936-C274E9C58B25} = {73E4CB65-EB1E-322E-9936-C274E9C58B25}
	EndProjectSection
EndProject
Project("{8BC9CEB8-8B4A-11D0-8D11-00A0C91BC942}") = "ProjectTreeExtend", "ProjectTreeExtend\ProjectTreeExtend.vcxproj", "{3E7DB6A7-C8C6-3175-ACBD-6AC1A8D944F7}"
	ProjectSection(ProjectDependencies) = postProject
		{6328FC80-EA6C-32AC-B4BC-C1CE53A3A02F} = {6328FC80-EA6C-32AC-B4BC-C1CE53A3A02F}
	EndProjectSection
EndProject
Project("{8BC9CEB8-8B4A-11D0-8D11-00A0C91BC942}") = "Material", "Material\Material.vcxproj", "{07CD18F9-9A91-33DC-9C7C-3882A23FA4ED}"
	ProjectSection(ProjectDependencies) = postProject
		{2B1D6427-CCD8-33E7-AA20-222F51B02434} = {2B1D6427-CCD8-33E7-AA20-222F51B02434}
		{0E41273D-5C48-3479-9E9B-A5E7EA354813} = {0E41273D-5C48-3479-9E9B-A5E7EA354813}
		{678DAA1E-D13B-36D4-9921-8556AB17A56F} = {678DAA1E-D13B-36D4-9921-8556AB17A56F}
	EndProjectSection
EndProject
Project("{8BC9CEB8-8B4A-11D0-8D11-00A0C91BC942}") = "PythonModule", "python\PythonModule.vcxproj", "{80232C79-B90C-3C83-AA29-26C0C31DB2D6}"
EndProject
Project("{8BC9CEB8-8B4A-11D0-8D11-00A0C91BC942}") = "GeometryWidgets", "GeometryWidgets\GeometryWidgets.vcxproj", "{EE8B8815-0867-3B68-A0BA-E5579E234BAF}"
	ProjectSection(ProjectDependencies) = postProject
		{80232C79-B90C-3C83-AA29-26C0C31DB2D6} = {80232C79-B90C-3C83-AA29-26C0C31DB2D6}
		{CE30C98D-3644-3C45-BBD8-0C52210A2666} = {CE30C98D-3644-3C45-BBD8-0C52210A2666}
	EndProjectSection
EndProject
Project("{8BC9CEB8-8B4A-11D0-8D11-00A0C91BC942}") = "GeometryCommand", "GeometryCommand\GeometryCommand.vcxproj", "{CE30C98D-3644-3C45-BBD8-0C52210A2666}"
	ProjectSection(ProjectDependencies) = postProject
		{0E41273D-5C48-3479-9E9B-A5E7EA354813} = {0E41273D-5C48-3479-9E9B-A5E7EA354813}
		{44DF12F9-6111-3237-8A49-F23484FF7D2B} = {44DF12F9-6111-3237-8A49-F23484FF7D2B}
		{D9DDB702-E536-3CC6-91BB-1F790D0ADE8B} = {D9DDB702-E536-3CC6-91BB-1F790D0ADE8B}
		{DE70844A-DAF5-3792-A992-D7408CE1051F} = {DE70844A-DAF5-3792-A992-D7408CE1051F}
	EndProjectSection
EndProject
Project("{8BC9CEB8-8B4A-11D0-8D11-00A0C91BC942}") = "PluginManager", "PluginManager\PluginManager.vcxproj", "{A5727944-6DA6-3109-B03E-CB31A1F723D8}"
	ProjectSection(ProjectDependencies) = postProject
		{2B1D6427-CCD8-33E7-AA20-222F51B02434} = {2B1D6427-CCD8-33E7-AA20-222F51B02434}
		{0E41273D-5C48-3479-9E9B-A5E7EA354813} = {0E41273D-5C48-3479-9E9B-A5E7EA354813}
		{D9DDB702-E536-3CC6-91BB-1F790D0ADE8B} = {D9DDB702-E536-3CC6-91BB-1F790D0ADE8B}
	EndProjectSection
EndProject
Project("{2150E333-8FDC-42A3-9474-1A3956D46DE8}") = "FastCAE Platform", "FastCAE Platform", "{CDD1EA97-58F7-4500-9EF1-73EAF84995FF}"
EndProject
Project("{2150E333-8FDC-42A3-9474-1A3956D46DE8}") = "Post", "Post", "{B95B0FB6-1EC1-4457-B0DC-AABEAE956C17}"
EndProject
Project("{2150E333-8FDC-42A3-9474-1A3956D46DE8}") = "Plugins", "Plugins", "{6B0217E2-2915-4880-9C9A-EA8BFFA5C917}"
EndProject
Project("{8BC9CEB8-8B4A-11D0-8D11-00A0C91BC942}") = "GmshModule", "Gmsh\GmshModule.vcxproj", "{19D0E256-79C3-3289-AC4B-23007E4670E2}"
	ProjectSection(ProjectDependencies) = postProject
		{50E34D13-8DCA-3990-A4E0-F8C24EC28AB2} = {50E34D13-8DCA-3990-A4E0-F8C24EC28AB2}
		{2B1D6427-CCD8-33E7-AA20-222F51B02434} = {2B1D6427-CCD8-33E7-AA20-222F51B02434}
		{89F122CB-6531-3E42-B2F7-83A1D3A5A62F} = {89F122CB-6531-3E42-B2F7-83A1D3A5A62F}
		{0E41273D-5C48-3479-9E9B-A5E7EA354813} = {0E41273D-5C48-3479-9E9B-A5E7EA354813}
		{80232C79-B90C-3C83-AA29-26C0C31DB2D6} = {80232C79-B90C-3C83-AA29-26C0C31DB2D6}
		{EE8B8815-0867-3B68-A0BA-E5579E234BAF} = {EE8B8815-0867-3B68-A0BA-E5579E234BAF}
		{678DAA1E-D13B-36D4-9921-8556AB17A56F} = {678DAA1E-D13B-36D4-9921-8556AB17A56F}
		{DE70844A-DAF5-3792-A992-D7408CE1051F} = {DE70844A-DAF5-3792-A992-D7408CE1051F}
	EndProjectSection
EndProject
Project("{8BC9CEB8-8B4A-11D0-8D11-00A0C91BC942}") = "PluginCustomizer", "PluginCustomizer\PluginCustomizer.vcxproj", "{00A1B723-DDD6-333F-843A-C3359DBB2139}"
	ProjectSection(ProjectDependencies) = postProject
		{50E34D13-8DCA-3990-A4E0-F8C24EC28AB2} = {50E34D13-8DCA-3990-A4E0-F8C24EC28AB2}
		{F5F97A6B-5840-3A3B-A5F5-A5FC8F35CCA5} = {F5F97A6B-5840-3A3B-A5F5-A5FC8F35CCA5}
		{633FEDEF-1347-362C-9B06-1333465AD6C2} = {633FEDEF-1347-362C-9B06-1333465AD6C2}
	EndProjectSection
EndProject
Project("{8BC9CEB8-8B4A-11D0-8D11-00A0C91BC942}") = "UserGuidence", "UserGuidence\UserGuidence.vcxproj", "{0AF15E15-AE2F-3DAD-99C3-52A212F7FB3E}"
	ProjectSection(ProjectDependencies) = postProject
		{2B1D6427-CCD8-33E7-AA20-222F51B02434} = {2B1D6427-CCD8-33E7-AA20-222F51B02434}
		{80232C79-B90C-3C83-AA29-26C0C31DB2D6} = {80232C79-B90C-3C83-AA29-26C0C31DB2D6}
	EndProjectSection
EndProject
Project("{8BC9CEB8-8B4A-11D0-8D11-00A0C91BC942}") = "PluginMeshDataExchange", "PluginMeshDataExchange\PluginMeshDataExchange.vcxproj", "{E5E3DDEF-7997-36FD-891F-8B86A8144E1E}"
	ProjectSection(ProjectDependencies) = postProject
		{633FEDEF-1347-362C-9B06-1333465AD6C2} = {633FEDEF-1347-362C-9B06-1333465AD6C2}
	EndProjectSection
EndProject
Project("{8BC9CEB8-8B4A-11D0-8D11-00A0C91BC942}") = "GeometryDataExchange", "GeometryDataExchange\GeometryDataExchange.vcxproj", "{44DF12F9-6111-3237-8A49-F23484FF7D2B}"
	ProjectSection(ProjectDependencies) = postProject
		{DE70844A-DAF5-3792-A992-D7408CE1051F} = {DE70844A-DAF5-3792-A992-D7408CE1051F}
	EndProjectSection
EndProject
Global
	GlobalSection(SolutionConfigurationPlatforms) = preSolution
		Debug|x64 = Debug|x64
		Release|x64 = Release|x64
	EndGlobalSection
	GlobalSection(ProjectConfigurationPlatforms) = postSolution
		{DE70844A-DAF5-3792-A992-D7408CE1051F}.Debug|x64.ActiveCfg = Debug|x64
		{DE70844A-DAF5-3792-A992-D7408CE1051F}.Debug|x64.Build.0 = Debug|x64
		{DE70844A-DAF5-3792-A992-D7408CE1051F}.Release|x64.ActiveCfg = Release|x64
		{DE70844A-DAF5-3792-A992-D7408CE1051F}.Release|x64.Build.0 = Release|x64
		{2E6CB36E-0DC1-3F43-8EB7-8DB013C885A4}.Debug|x64.ActiveCfg = Debug|x64
		{2E6CB36E-0DC1-3F43-8EB7-8DB013C885A4}.Debug|x64.Build.0 = Debug|x64
		{2E6CB36E-0DC1-3F43-8EB7-8DB013C885A4}.Release|x64.ActiveCfg = Release|x64
		{2E6CB36E-0DC1-3F43-8EB7-8DB013C885A4}.Release|x64.Build.0 = Release|x64
		{F5F97A6B-5840-3A3B-A5F5-A5FC8F35CCA5}.Debug|x64.ActiveCfg = Debug|x64
		{F5F97A6B-5840-3A3B-A5F5-A5FC8F35CCA5}.Debug|x64.Build.0 = Debug|x64
		{F5F97A6B-5840-3A3B-A5F5-A5FC8F35CCA5}.Release|x64.ActiveCfg = Release|x64
		{F5F97A6B-5840-3A3B-A5F5-A5FC8F35CCA5}.Release|x64.Build.0 = Release|x64
		{89F122CB-6531-3E42-B2F7-83A1D3A5A62F}.Debug|x64.ActiveCfg = Debug|x64
		{89F122CB-6531-3E42-B2F7-83A1D3A5A62F}.Debug|x64.Build.0 = Debug|x64
		{89F122CB-6531-3E42-B2F7-83A1D3A5A62F}.Release|x64.ActiveCfg = Release|x64
		{89F122CB-6531-3E42-B2F7-83A1D3A5A62F}.Release|x64.Build.0 = Release|x64
		{5B470DC9-16AF-3178-8AE4-DF1B024D65A8}.Debug|x64.ActiveCfg = Debug|x64
		{5B470DC9-16AF-3178-8AE4-DF1B024D65A8}.Debug|x64.Build.0 = Debug|x64
		{5B470DC9-16AF-3178-8AE4-DF1B024D65A8}.Release|x64.ActiveCfg = Release|x64
		{5B470DC9-16AF-3178-8AE4-DF1B024D65A8}.Release|x64.Build.0 = Release|x64
		{D9DDB702-E536-3CC6-91BB-1F790D0ADE8B}.Debug|x64.ActiveCfg = Debug|x64
		{D9DDB702-E536-3CC6-91BB-1F790D0ADE8B}.Debug|x64.Build.0 = Debug|x64
		{D9DDB702-E536-3CC6-91BB-1F790D0ADE8B}.Release|x64.ActiveCfg = Release|x64
		{D9DDB702-E536-3CC6-91BB-1F790D0ADE8B}.Release|x64.Build.0 = Release|x64
		{2B1D6427-CCD8-33E7-AA20-222F51B02434}.Debug|x64.ActiveCfg = Debug|x64
		{2B1D6427-CCD8-33E7-AA20-222F51B02434}.Debug|x64.Build.0 = Debug|x64
		{2B1D6427-CCD8-33E7-AA20-222F51B02434}.Release|x64.ActiveCfg = Release|x64
		{2B1D6427-CCD8-33E7-AA20-222F51B02434}.Release|x64.Build.0 = Release|x64
		{50E34D13-8DCA-3990-A4E0-F8C24EC28AB2}.Debug|x64.ActiveCfg = Debug|x64
		{50E34D13-8DCA-3990-A4E0-F8C24EC28AB2}.Debug|x64.Build.0 = Debug|x64
		{50E34D13-8DCA-3990-A4E0-F8C24EC28AB2}.Release|x64.ActiveCfg = Release|x64
		{50E34D13-8DCA-3990-A4E0-F8C24EC28AB2}.Release|x64.Build.0 = Release|x64
		{3830C1D2-E592-384F-BF72-6469480EBBFB}.Debug|x64.ActiveCfg = Debug|x64
		{3830C1D2-E592-384F-BF72-6469480EBBFB}.Debug|x64.Build.0 = Debug|x64
		{3830C1D2-E592-384F-BF72-6469480EBBFB}.Release|x64.ActiveCfg = Release|x64
		{3830C1D2-E592-384F-BF72-6469480EBBFB}.Release|x64.Build.0 = Release|x64
		{0E41273D-5C48-3479-9E9B-A5E7EA354813}.Debug|x64.ActiveCfg = Debug|x64
		{0E41273D-5C48-3479-9E9B-A5E7EA354813}.Debug|x64.Build.0 = Debug|x64
		{0E41273D-5C48-3479-9E9B-A5E7EA354813}.Release|x64.ActiveCfg = Release|x64
		{0E41273D-5C48-3479-9E9B-A5E7EA354813}.Release|x64.Build.0 = Release|x64
		{678DAA1E-D13B-36D4-9921-8556AB17A56F}.Debug|x64.ActiveCfg = Debug|x64
		{678DAA1E-D13B-36D4-9921-8556AB17A56F}.Debug|x64.Build.0 = Debug|x64
		{678DAA1E-D13B-36D4-9921-8556AB17A56F}.Release|x64.ActiveCfg = Release|x64
		{678DAA1E-D13B-36D4-9921-8556AB17A56F}.Release|x64.Build.0 = Release|x64
		{5744CA4A-8699-3EE2-A223-48F981D15D80}.Debug|x64.ActiveCfg = Debug|x64
		{5744CA4A-8699-3EE2-A223-48F981D15D80}.Debug|x64.Build.0 = Debug|x64
		{5744CA4A-8699-3EE2-A223-48F981D15D80}.Release|x64.ActiveCfg = Release|x64
		{5744CA4A-8699-3EE2-A223-48F981D15D80}.Release|x64.Build.0 = Release|x64
		{FD8B7D49-40D3-3A6D-A37F-773D460C7359}.Debug|x64.ActiveCfg = Debug|x64
		{FD8B7D49-40D3-3A6D-A37F-773D460C7359}.Debug|x64.Build.0 = Debug|x64
		{FD8B7D49-40D3-3A6D-A37F-773D460C7359}.Release|x64.ActiveCfg = Release|x64
		{FD8B7D49-40D3-3A6D-A37F-773D460C7359}.Release|x64.Build.0 = Release|x64
		{C60E3BD4-ACBA-32ED-83A1-F232479377E9}.Debug|x64.ActiveCfg = Debug|x64
		{C60E3BD4-ACBA-32ED-83A1-F232479377E9}.Debug|x64.Build.0 = Debug|x64
		{C60E3BD4-ACBA-32ED-83A1-F232479377E9}.Release|x64.ActiveCfg = Release|x64
		{C60E3BD4-ACBA-32ED-83A1-F232479377E9}.Release|x64.Build.0 = Release|x64
		{556A7CC7-63B7-3432-BD17-A94728277CE1}.Debug|x64.ActiveCfg = Debug|x64
		{556A7CC7-63B7-3432-BD17-A94728277CE1}.Debug|x64.Build.0 = Debug|x64
		{556A7CC7-63B7-3432-BD17-A94728277CE1}.Release|x64.ActiveCfg = Release|x64
		{556A7CC7-63B7-3432-BD17-A94728277CE1}.Release|x64.Build.0 = Release|x64
		{521352D5-3035-3728-9E9D-A7D2C2C519FE}.Debug|x64.ActiveCfg = Debug|x64
		{521352D5-3035-3728-9E9D-A7D2C2C519FE}.Debug|x64.Build.0 = Debug|x64
		{521352D5-3035-3728-9E9D-A7D2C2C519FE}.Release|x64.ActiveCfg = Release|x64
		{521352D5-3035-3728-9E9D-A7D2C2C519FE}.Release|x64.Build.0 = Release|x64
		{375AB297-1A3F-32BB-958B-5B2A4BB26420}.Debug|x64.ActiveCfg = Debug|x64
		{375AB297-1A3F-32BB-958B-5B2A4BB26420}.Debug|x64.Build.0 = Debug|x64
		{375AB297-1A3F-32BB-958B-5B2A4BB26420}.Release|x64.ActiveCfg = Release|x64
		{375AB297-1A3F-32BB-958B-5B2A4BB26420}.Release|x64.Build.0 = Release|x64
		{EC3C64E2-00B4-35CC-A84C-84CED66E1B2C}.Debug|x64.ActiveCfg = Debug|x64
		{EC3C64E2-00B4-35CC-A84C-84CED66E1B2C}.Debug|x64.Build.0 = Debug|x64
		{EC3C64E2-00B4-35CC-A84C-84CED66E1B2C}.Release|x64.ActiveCfg = Release|x64
		{EC3C64E2-00B4-35CC-A84C-84CED66E1B2C}.Release|x64.Build.0 = Release|x64
		{6328FC80-EA6C-32AC-B4BC-C1CE53A3A02F}.Debug|x64.ActiveCfg = Debug|x64
		{6328FC80-EA6C-32AC-B4BC-C1CE53A3A02F}.Debug|x64.Build.0 = Debug|x64
		{6328FC80-EA6C-32AC-B4BC-C1CE53A3A02F}.Release|x64.ActiveCfg = Release|x64
		{6328FC80-EA6C-32AC-B4BC-C1CE53A3A02F}.Release|x64.Build.0 = Release|x64
		{72E879AC-01F8-3CD4-8B19-25BB86936169}.Debug|x64.ActiveCfg = Debug|x64
		{72E879AC-01F8-3CD4-8B19-25BB86936169}.Debug|x64.Build.0 = Debug|x64
		{72E879AC-01F8-3CD4-8B19-25BB86936169}.Release|x64.ActiveCfg = Release|x64
		{72E879AC-01F8-3CD4-8B19-25BB86936169}.Release|x64.Build.0 = Release|x64
		{73E4CB65-EB1E-322E-9936-C274E9C58B25}.Debug|x64.ActiveCfg = Debug|x64
		{73E4CB65-EB1E-322E-9936-C274E9C58B25}.Debug|x64.Build.0 = Debug|x64
		{73E4CB65-EB1E-322E-9936-C274E9C58B25}.Release|x64.ActiveCfg = Release|x64
		{73E4CB65-EB1E-322E-9936-C274E9C58B25}.Release|x64.Build.0 = Release|x64
		{B47C20BA-BEC2-3942-965D-BB82D4C6C8D0}.Debug|x64.ActiveCfg = Debug|x64
		{B47C20BA-BEC2-3942-965D-BB82D4C6C8D0}.Debug|x64.Build.0 = Debug|x64
		{B47C20BA-BEC2-3942-965D-BB82D4C6C8D0}.Release|x64.ActiveCfg = Release|x64
		{B47C20BA-BEC2-3942-965D-BB82D4C6C8D0}.Release|x64.Build.0 = Release|x64
		{633FEDEF-1347-362C-9B06-1333465AD6C2}.Debug|x64.ActiveCfg = Debug|x64
		{633FEDEF-1347-362C-9B06-1333465AD6C2}.Debug|x64.Build.0 = Debug|x64
		{633FEDEF-1347-362C-9B06-1333465AD6C2}.Release|x64.ActiveCfg = Release|x64
		{633FEDEF-1347-362C-9B06-1333465AD6C2}.Release|x64.Build.0 = Release|x64
		{3E7DB6A7-C8C6-3175-ACBD-6AC1A8D944F7}.Debug|x64.ActiveCfg = Debug|x64
		{3E7DB6A7-C8C6-3175-ACBD-6AC1A8D944F7}.Debug|x64.Build.0 = Debug|x64
		{3E7DB6A7-C8C6-3175-ACBD-6AC1A8D944F7}.Release|x64.ActiveCfg = Release|x64
		{3E7DB6A7-C8C6-3175-ACBD-6AC1A8D944F7}.Release|x64.Build.0 = Release|x64
		{07CD18F9-9A91-33DC-9C7C-3882A23FA4ED}.Debug|x64.ActiveCfg = Debug|x64
		{07CD18F9-9A91-33DC-9C7C-3882A23FA4ED}.Debug|x64.Build.0 = Debug|x64
		{07CD18F9-9A91-33DC-9C7C-3882A23FA4ED}.Release|x64.ActiveCfg = Release|x64
		{07CD18F9-9A91-33DC-9C7C-3882A23FA4ED}.Release|x64.Build.0 = Release|x64
		{80232C79-B90C-3C83-AA29-26C0C31DB2D6}.Debug|x64.ActiveCfg = Debug|x64
		{80232C79-B90C-3C83-AA29-26C0C31DB2D6}.Debug|x64.Build.0 = Debug|x64
		{80232C79-B90C-3C83-AA29-26C0C31DB2D6}.Release|x64.ActiveCfg = Release|x64
		{80232C79-B90C-3C83-AA29-26C0C31DB2D6}.Release|x64.Build.0 = Release|x64
		{EE8B8815-0867-3B68-A0BA-E5579E234BAF}.Debug|x64.ActiveCfg = Debug|x64
		{EE8B8815-0867-3B68-A0BA-E5579E234BAF}.Debug|x64.Build.0 = Debug|x64
		{EE8B8815-0867-3B68-A0BA-E5579E234BAF}.Release|x64.ActiveCfg = Release|x64
		{EE8B8815-0867-3B68-A0BA-E5579E234BAF}.Release|x64.Build.0 = Release|x64
		{CE30C98D-3644-3C45-BBD8-0C52210A2666}.Debug|x64.ActiveCfg = Debug|x64
		{CE30C98D-3644-3C45-BBD8-0C52210A2666}.Debug|x64.Build.0 = Debug|x64
		{CE30C98D-3644-3C45-BBD8-0C52210A2666}.Release|x64.ActiveCfg = Release|x64
		{CE30C98D-3644-3C45-BBD8-0C52210A2666}.Release|x64.Build.0 = Release|x64
		{A5727944-6DA6-3109-B03E-CB31A1F723D8}.Debug|x64.ActiveCfg = Debug|x64
		{A5727944-6DA6-3109-B03E-CB31A1F723D8}.Debug|x64.Build.0 = Debug|x64
		{A5727944-6DA6-3109-B03E-CB31A1F723D8}.Release|x64.ActiveCfg = Release|x64
		{A5727944-6DA6-3109-B03E-CB31A1F723D8}.Release|x64.Build.0 = Release|x64
		{19D0E256-79C3-3289-AC4B-23007E4670E2}.Debug|x64.ActiveCfg = Debug|x64
		{19D0E256-79C3-3289-AC4B-23007E4670E2}.Debug|x64.Build.0 = Debug|x64
		{19D0E256-79C3-3289-AC4B-23007E4670E2}.Release|x64.ActiveCfg = Release|x64
		{19D0E256-79C3-3289-AC4B-23007E4670E2}.Release|x64.Build.0 = Release|x64
		{00A1B723-DDD6-333F-843A-C3359DBB2139}.Debug|x64.ActiveCfg = Debug|x64
		{00A1B723-DDD6-333F-843A-C3359DBB2139}.Debug|x64.Build.0 = Debug|x64
		{00A1B723-DDD6-333F-843A-C3359DBB2139}.Release|x64.ActiveCfg = Release|x64
		{00A1B723-DDD6-333F-843A-C3359DBB2139}.Release|x64.Build.0 = Release|x64
		{0AF15E15-AE2F-3DAD-99C3-52A212F7FB3E}.Debug|x64.ActiveCfg = Debug|x64
		{0AF15E15-AE2F-3DAD-99C3-52A212F7FB3E}.Debug|x64.Build.0 = Debug|x64
		{0AF15E15-AE2F-3DAD-99C3-52A212F7FB3E}.Release|x64.ActiveCfg = Release|x64
		{0AF15E15-AE2F-3DAD-99C3-52A212F7FB3E}.Release|x64.Build.0 = Release|x64
		{E5E3DDEF-7997-36FD-891F-8B86A8144E1E}.Debug|x64.ActiveCfg = Debug|x64
		{E5E3DDEF-7997-36FD-891F-8B86A8144E1E}.Debug|x64.Build.0 = Debug|x64
		{E5E3DDEF-7997-36FD-891F-8B86A8144E1E}.Release|x64.ActiveCfg = Release|x64
		{E5E3DDEF-7997-36FD-891F-8B86A8144E1E}.Release|x64.Build.0 = Release|x64
		{44DF12F9-6111-3237-8A49-F23484FF7D2B}.Debug|x64.ActiveCfg = Debug|x64
		{44DF12F9-6111-3237-8A49-F23484FF7D2B}.Debug|x64.Build.0 = Debug|x64
		{44DF12F9-6111-3237-8A49-F23484FF7D2B}.Release|x64.ActiveCfg = Release|x64
		{44DF12F9-6111-3237-8A49-F23484FF7D2B}.Release|x64.Build.0 = Release|x64
	EndGlobalSection
	GlobalSection(SolutionProperties) = preSolution
		HideSolutionNode = FALSE
	EndGlobalSection
	GlobalSection(NestedProjects) = preSolution
		{DE70844A-DAF5-3792-A992-D7408CE1051F} = {CDD1EA97-58F7-4500-9EF1-73EAF84995FF}
		{2E6CB36E-0DC1-3F43-8EB7-8DB013C885A4} = {CDD1EA97-58F7-4500-9EF1-73EAF84995FF}
		{F5F97A6B-5840-3A3B-A5F5-A5FC8F35CCA5} = {CDD1EA97-58F7-4500-9EF1-73EAF84995FF}
		{89F122CB-6531-3E42-B2F7-83A1D3A5A62F} = {CDD1EA97-58F7-4500-9EF1-73EAF84995FF}
		{5B470DC9-16AF-3178-8AE4-DF1B024D65A8} = {CDD1EA97-58F7-4500-9EF1-73EAF84995FF}
		{D9DDB702-E536-3CC6-91BB-1F790D0ADE8B} = {CDD1EA97-58F7-4500-9EF1-73EAF84995FF}
		{2B1D6427-CCD8-33E7-AA20-222F51B02434} = {CDD1EA97-58F7-4500-9EF1-73EAF84995FF}
		{50E34D13-8DCA-3990-A4E0-F8C24EC28AB2} = {CDD1EA97-58F7-4500-9EF1-73EAF84995FF}
		{3830C1D2-E592-384F-BF72-6469480EBBFB} = {CDD1EA97-58F7-4500-9EF1-73EAF84995FF}
		{0E41273D-5C48-3479-9E9B-A5E7EA354813} = {CDD1EA97-58F7-4500-9EF1-73EAF84995FF}
		{678DAA1E-D13B-36D4-9921-8556AB17A56F} = {CDD1EA97-58F7-4500-9EF1-73EAF84995FF}
		{5744CA4A-8699-3EE2-A223-48F981D15D80} = {CDD1EA97-58F7-4500-9EF1-73EAF84995FF}
		{FD8B7D49-40D3-3A6D-A37F-773D460C7359} = {B95B0FB6-1EC1-4457-B0DC-AABEAE956C17}
		{C60E3BD4-ACBA-32ED-83A1-F232479377E9} = {B95B0FB6-1EC1-4457-B0DC-AABEAE956C17}
		{556A7CC7-63B7-3432-BD17-A94728277CE1} = {B95B0FB6-1EC1-4457-B0DC-AABEAE956C17}
		{521352D5-3035-3728-9E9D-A7D2C2C519FE} = {CDD1EA97-58F7-4500-9EF1-73EAF84995FF}
		{375AB297-1A3F-32BB-958B-5B2A4BB26420} = {CDD1EA97-58F7-4500-9EF1-73EAF84995FF}
		{EC3C64E2-00B4-35CC-A84C-84CED66E1B2C} = {CDD1EA97-58F7-4500-9EF1-73EAF84995FF}
		{6328FC80-EA6C-32AC-B4BC-C1CE53A3A02F} = {CDD1EA97-58F7-4500-9EF1-73EAF84995FF}
		{72E879AC-01F8-3CD4-8B19-25BB86936169} = {CDD1EA97-58F7-4500-9EF1-73EAF84995FF}
		{73E4CB65-EB1E-322E-9936-C274E9C58B25} = {CDD1EA97-58F7-4500-9EF1-73EAF84995FF}
		{B47C20BA-BEC2-3942-965D-BB82D4C6C8D0} = {B95B0FB6-1EC1-4457-B0DC-AABEAE956C17}
		{633FEDEF-1347-362C-9B06-1333465AD6C2} = {CDD1EA97-58F7-4500-9EF1-73EAF84995FF}
		{3E7DB6A7-C8C6-3175-ACBD-6AC1A8D944F7} = {CDD1EA97-58F7-4500-9EF1-73EAF84995FF}
		{07CD18F9-9A91-33DC-9C7C-3882A23FA4ED} = {CDD1EA97-58F7-4500-9EF1-73EAF84995FF}
		{80232C79-B90C-3C83-AA29-26C0C31DB2D6} = {CDD1EA97-58F7-4500-9EF1-73EAF84995FF}
		{EE8B8815-0867-3B68-A0BA-E5579E234BAF} = {CDD1EA97-58F7-4500-9EF1-73EAF84995FF}
		{CE30C98D-3644-3C45-BBD8-0C52210A2666} = {CDD1EA97-58F7-4500-9EF1-73EAF84995FF}
		{A5727944-6DA6-3109-B03E-CB31A1F723D8} = {CDD1EA97-58F7-4500-9EF1-73EAF84995FF}
		{19D0E256-79C3-3289-AC4B-23007E4670E2} = {CDD1EA97-58F7-4500-9EF1-73EAF84995FF}
		{00A1B723-DDD6-333F-843A-C3359DBB2139} = {6B0217E2-2915-4880-9C9A-EA8BFFA5C917}
		{0AF15E15-AE2F-3DAD-99C3-52A212F7FB3E} = {CDD1EA97-58F7-4500-9EF1-73EAF84995FF}
		{E5E3DDEF-7997-36FD-891F-8B86A8144E1E} = {6B0217E2-2915-4880-9C9A-EA8BFFA5C917}
		{44DF12F9-6111-3237-8A49-F23484FF7D2B} = {CDD1EA97-58F7-4500-9EF1-73EAF84995FF}
	EndGlobalSection
EndGlobal
