
Microsoft Visual Studio Solution File, Format Version 12.00
# Visual Studio 2013
VisualStudioVersion = 12.0.40629.0
MinimumVisualStudioVersion = 10.0.40219.1
Project("{8BC9CEB8-8B4A-11D0-8D11-00A0C91BC942}") = "Geometry", "geometry\Geometry.vcxproj", "{3C93A662-A4DE-33E2-9B77-833F6F907EA7}"
	ProjectSection(ProjectDependencies) = postProject
		{4C7BB22D-DB1C-3A63-BACB-02226FEB0647} = {4C7BB22D-DB1C-3A63-BACB-02226FEB0647}
	EndProjectSection
EndProject
Project("{8BC9CEB8-8B4A-11D0-8D11-00A0C91BC942}") = "IO", "IO\IO.vcxproj", "{A9B02472-01C2-3D0B-A4CF-3048561138C9}"
	ProjectSection(ProjectDependencies) = postProject
		{6DF8095A-8A50-3E43-8480-64CC194A32C0} = {6DF8095A-8A50-3E43-8480-64CC194A32C0}
		{2ADF7A84-5D8B-3EDF-AB9F-42B779206BAD} = {2ADF7A84-5D8B-3EDF-AB9F-42B779206BAD}
		{EFAB00A1-B9E3-3584-8C8B-B006D35FDBA0} = {EFAB00A1-B9E3-3584-8C8B-B006D35FDBA0}
		{8C61117F-AA92-36F4-9194-2E3F81F18C4F} = {8C61117F-AA92-36F4-9194-2E3F81F18C4F}
		{4C7BB22D-DB1C-3A63-BACB-02226FEB0647} = {4C7BB22D-DB1C-3A63-BACB-02226FEB0647}
		{9C48DF21-1341-34BD-91D9-9C63BBC7134D} = {9C48DF21-1341-34BD-91D9-9C63BBC7134D}
		{3C93A662-A4DE-33E2-9B77-833F6F907EA7} = {3C93A662-A4DE-33E2-9B77-833F6F907EA7}
		{02B45BE3-2355-3A10-8047-2289500CFA71} = {02B45BE3-2355-3A10-8047-2289500CFA71}
	EndProjectSection
EndProject
Project("{8BC9CEB8-8B4A-11D0-8D11-00A0C91BC942}") = "MainWindow", "mainWindow\MainWindow.vcxproj", "{34F6DB38-CF15-3856-88EE-13B3565BAE19}"
	ProjectSection(ProjectDependencies) = postProject
		{3BE0E19D-3CF3-3007-85A9-30441BD4B3A2} = {3BE0E19D-3CF3-3007-85A9-30441BD4B3A2}
		{6DF8095A-8A50-3E43-8480-64CC194A32C0} = {6DF8095A-8A50-3E43-8480-64CC194A32C0}
		{D02D81D3-5564-3782-BA36-7DFD3EF80262} = {D02D81D3-5564-3782-BA36-7DFD3EF80262}
		{E60A6D23-3F27-390B-9E7A-B8DEBF4AAB0A} = {E60A6D23-3F27-390B-9E7A-B8DEBF4AAB0A}
		{A9B02472-01C2-3D0B-A4CF-3048561138C9} = {A9B02472-01C2-3D0B-A4CF-3048561138C9}
		{2ADF7A84-5D8B-3EDF-AB9F-42B779206BAD} = {2ADF7A84-5D8B-3EDF-AB9F-42B779206BAD}
		{EFAB00A1-B9E3-3584-8C8B-B006D35FDBA0} = {EFAB00A1-B9E3-3584-8C8B-B006D35FDBA0}
		{00A0A99A-F6A0-3EEE-872B-85EB0FE5E38B} = {00A0A99A-F6A0-3EEE-872B-85EB0FE5E38B}
		{8C61117F-AA92-36F4-9194-2E3F81F18C4F} = {8C61117F-AA92-36F4-9194-2E3F81F18C4F}
		{4C7BB22D-DB1C-3A63-BACB-02226FEB0647} = {4C7BB22D-DB1C-3A63-BACB-02226FEB0647}
		{E0996CC9-A3DD-3AE7-A371-940A6D4E7124} = {E0996CC9-A3DD-3AE7-A371-940A6D4E7124}
		{DB051FE8-8722-37C2-B19E-D817F829BDB2} = {DB051FE8-8722-37C2-B19E-D817F829BDB2}
		{A0B8B403-3170-3172-B7B6-4B610763F393} = {A0B8B403-3170-3172-B7B6-4B610763F393}
		{9C48DF21-1341-34BD-91D9-9C63BBC7134D} = {9C48DF21-1341-34BD-91D9-9C63BBC7134D}
		{E29D7A41-D9DE-318A-8C75-022FCD5D1813} = {E29D7A41-D9DE-318A-8C75-022FCD5D1813}
		{3C93A662-A4DE-33E2-9B77-833F6F907EA7} = {3C93A662-A4DE-33E2-9B77-833F6F907EA7}
		{8EFDF02D-1999-3723-BCA7-B168993DF29B} = {8EFDF02D-1999-3723-BCA7-B168993DF29B}
		{11422429-C995-3630-A881-74130DDDE048} = {11422429-C995-3630-A881-74130DDDE048}
		{02B45BE3-2355-3A10-8047-2289500CFA71} = {02B45BE3-2355-3A10-8047-2289500CFA71}
		{7A122A04-88B2-3528-ABA1-D87860E79B71} = {7A122A04-88B2-3528-ABA1-D87860E79B71}
	EndProjectSection
EndProject
Project("{8BC9CEB8-8B4A-11D0-8D11-00A0C91BC942}") = "MeshData", "meshData\MeshData.vcxproj", "{EFAB00A1-B9E3-3584-8C8B-B006D35FDBA0}"
	ProjectSection(ProjectDependencies) = postProject
		{4C7BB22D-DB1C-3A63-BACB-02226FEB0647} = {4C7BB22D-DB1C-3A63-BACB-02226FEB0647}
	EndProjectSection
EndProject
Project("{8BC9CEB8-8B4A-11D0-8D11-00A0C91BC942}") = "ModelData", "ModelData\ModelData.vcxproj", "{8C61117F-AA92-36F4-9194-2E3F81F18C4F}"
	ProjectSection(ProjectDependencies) = postProject
		{6DF8095A-8A50-3E43-8480-64CC194A32C0} = {6DF8095A-8A50-3E43-8480-64CC194A32C0}
		{4C7BB22D-DB1C-3A63-BACB-02226FEB0647} = {4C7BB22D-DB1C-3A63-BACB-02226FEB0647}
		{E0996CC9-A3DD-3AE7-A371-940A6D4E7124} = {E0996CC9-A3DD-3AE7-A371-940A6D4E7124}
		{A7CEC4EE-9E4C-340B-BCD2-EAA9E8FAAA4E} = {A7CEC4EE-9E4C-340B-BCD2-EAA9E8FAAA4E}
		{2423234A-3529-3F73-BC44-FAB14215834A} = {2423234A-3529-3F73-BC44-FAB14215834A}
		{3C3977DC-D564-3D12-A25B-9466539FB168} = {3C3977DC-D564-3D12-A25B-9466539FB168}
	EndProjectSection
EndProject
Project("{8BC9CEB8-8B4A-11D0-8D11-00A0C91BC942}") = "ModuleBase", "moduleBase\ModuleBase.vcxproj", "{9C48DF21-1341-34BD-91D9-9C63BBC7134D}"
	ProjectSection(ProjectDependencies) = postProject
		{6DF8095A-8A50-3E43-8480-64CC194A32C0} = {6DF8095A-8A50-3E43-8480-64CC194A32C0}
		{EFAB00A1-B9E3-3584-8C8B-B006D35FDBA0} = {EFAB00A1-B9E3-3584-8C8B-B006D35FDBA0}
		{8C61117F-AA92-36F4-9194-2E3F81F18C4F} = {8C61117F-AA92-36F4-9194-2E3F81F18C4F}
		{4C7BB22D-DB1C-3A63-BACB-02226FEB0647} = {4C7BB22D-DB1C-3A63-BACB-02226FEB0647}
		{E29D7A41-D9DE-318A-8C75-022FCD5D1813} = {E29D7A41-D9DE-318A-8C75-022FCD5D1813}
		{3C93A662-A4DE-33E2-9B77-833F6F907EA7} = {3C93A662-A4DE-33E2-9B77-833F6F907EA7}
	EndProjectSection
EndProject
Project("{8BC9CEB8-8B4A-11D0-8D11-00A0C91BC942}") = "Settings", "settings\Settings.vcxproj", "{6DF8095A-8A50-3E43-8480-64CC194A32C0}"
EndProject
Project("{8BC9CEB8-8B4A-11D0-8D11-00A0C91BC942}") = "MainWidgets", "MainWidgets\MainWidgets.vcxproj", "{3BE0E19D-3CF3-3007-85A9-30441BD4B3A2}"
	ProjectSection(ProjectDependencies) = postProject
		{6DF8095A-8A50-3E43-8480-64CC194A32C0} = {6DF8095A-8A50-3E43-8480-64CC194A32C0}
		{E60A6D23-3F27-390B-9E7A-B8DEBF4AAB0A} = {E60A6D23-3F27-390B-9E7A-B8DEBF4AAB0A}
		{A9B02472-01C2-3D0B-A4CF-3048561138C9} = {A9B02472-01C2-3D0B-A4CF-3048561138C9}
		{EFAB00A1-B9E3-3584-8C8B-B006D35FDBA0} = {EFAB00A1-B9E3-3584-8C8B-B006D35FDBA0}
		{00A0A99A-F6A0-3EEE-872B-85EB0FE5E38B} = {00A0A99A-F6A0-3EEE-872B-85EB0FE5E38B}
		{8C61117F-AA92-36F4-9194-2E3F81F18C4F} = {8C61117F-AA92-36F4-9194-2E3F81F18C4F}
		{4C7BB22D-DB1C-3A63-BACB-02226FEB0647} = {4C7BB22D-DB1C-3A63-BACB-02226FEB0647}
		{E0996CC9-A3DD-3AE7-A371-940A6D4E7124} = {E0996CC9-A3DD-3AE7-A371-940A6D4E7124}
		{DB051FE8-8722-37C2-B19E-D817F829BDB2} = {DB051FE8-8722-37C2-B19E-D817F829BDB2}
		{9C48DF21-1341-34BD-91D9-9C63BBC7134D} = {9C48DF21-1341-34BD-91D9-9C63BBC7134D}
		{E29D7A41-D9DE-318A-8C75-022FCD5D1813} = {E29D7A41-D9DE-318A-8C75-022FCD5D1813}
		{3C93A662-A4DE-33E2-9B77-833F6F907EA7} = {3C93A662-A4DE-33E2-9B77-833F6F907EA7}
		{8EFDF02D-1999-3723-BCA7-B168993DF29B} = {8EFDF02D-1999-3723-BCA7-B168993DF29B}
		{3C3977DC-D564-3D12-A25B-9466539FB168} = {3C3977DC-D564-3D12-A25B-9466539FB168}
	EndProjectSection
EndProject
Project("{8BC9CEB8-8B4A-11D0-8D11-00A0C91BC942}") = "SolverControl", "SolverControl\SolverControl.vcxproj", "{E60A6D23-3F27-390B-9E7A-B8DEBF4AAB0A}"
	ProjectSection(ProjectDependencies) = postProject
		{6DF8095A-8A50-3E43-8480-64CC194A32C0} = {6DF8095A-8A50-3E43-8480-64CC194A32C0}
		{A9B02472-01C2-3D0B-A4CF-3048561138C9} = {A9B02472-01C2-3D0B-A4CF-3048561138C9}
		{8C61117F-AA92-36F4-9194-2E3F81F18C4F} = {8C61117F-AA92-36F4-9194-2E3F81F18C4F}
		{4C7BB22D-DB1C-3A63-BACB-02226FEB0647} = {4C7BB22D-DB1C-3A63-BACB-02226FEB0647}
		{E0996CC9-A3DD-3AE7-A371-940A6D4E7124} = {E0996CC9-A3DD-3AE7-A371-940A6D4E7124}
		{9C48DF21-1341-34BD-91D9-9C63BBC7134D} = {9C48DF21-1341-34BD-91D9-9C63BBC7134D}
		{E29D7A41-D9DE-318A-8C75-022FCD5D1813} = {E29D7A41-D9DE-318A-8C75-022FCD5D1813}
		{3C3977DC-D564-3D12-A25B-9466539FB168} = {3C3977DC-D564-3D12-A25B-9466539FB168}
		{7A122A04-88B2-3528-ABA1-D87860E79B71} = {7A122A04-88B2-3528-ABA1-D87860E79B71}
	EndProjectSection
EndProject
Project("{8BC9CEB8-8B4A-11D0-8D11-00A0C91BC942}") = "DataProperty", "DataProperty\DataProperty.vcxproj", "{4C7BB22D-DB1C-3A63-BACB-02226FEB0647}"
	ProjectSection(ProjectDependencies) = postProject
		{E0996CC9-A3DD-3AE7-A371-940A6D4E7124} = {E0996CC9-A3DD-3AE7-A371-940A6D4E7124}
	EndProjectSection
EndProject
Project("{8BC9CEB8-8B4A-11D0-8D11-00A0C91BC942}") = "SelfDefObject", "SelfDefObject\SelfDefObject.vcxproj", "{E29D7A41-D9DE-318A-8C75-022FCD5D1813}"
	ProjectSection(ProjectDependencies) = postProject
		{6DF8095A-8A50-3E43-8480-64CC194A32C0} = {6DF8095A-8A50-3E43-8480-64CC194A32C0}
		{4C7BB22D-DB1C-3A63-BACB-02226FEB0647} = {4C7BB22D-DB1C-3A63-BACB-02226FEB0647}
	EndProjectSection
EndProject
Project("{8BC9CEB8-8B4A-11D0-8D11-00A0C91BC942}") = "PostWidgets", "PostWidgets\PostWidgets.vcxproj", "{7A122A04-88B2-3528-ABA1-D87860E79B71}"
	ProjectSection(ProjectDependencies) = postProject
		{6DF8095A-8A50-3E43-8480-64CC194A32C0} = {6DF8095A-8A50-3E43-8480-64CC194A32C0}
		{80D12C6C-2FB2-385D-A123-01B171ACA870} = {80D12C6C-2FB2-385D-A123-01B171ACA870}
		{8C61117F-AA92-36F4-9194-2E3F81F18C4F} = {8C61117F-AA92-36F4-9194-2E3F81F18C4F}
		{E7AF7706-62E1-3B43-A4DB-DDF3B6C28DC3} = {E7AF7706-62E1-3B43-A4DB-DDF3B6C28DC3}
		{9C48DF21-1341-34BD-91D9-9C63BBC7134D} = {9C48DF21-1341-34BD-91D9-9C63BBC7134D}
		{8732C9AB-C869-3031-94CE-01A12F3E2658} = {8732C9AB-C869-3031-94CE-01A12F3E2658}
		{3C3977DC-D564-3D12-A25B-9466539FB168} = {3C3977DC-D564-3D12-A25B-9466539FB168}
	EndProjectSection
EndProject
Project("{8BC9CEB8-8B4A-11D0-8D11-00A0C91BC942}") = "CurveAnalyse", "CurveAnalyse\CurveAnalyse.vcxproj", "{E7AF7706-62E1-3B43-A4DB-DDF3B6C28DC3}"
	ProjectSection(ProjectDependencies) = postProject
		{8732C9AB-C869-3031-94CE-01A12F3E2658} = {8732C9AB-C869-3031-94CE-01A12F3E2658}
	EndProjectSection
EndProject
Project("{8BC9CEB8-8B4A-11D0-8D11-00A0C91BC942}") = "GraphicsAnalyse", "GraphicsAnalyse\GraphicsAnalyse.vcxproj", "{80D12C6C-2FB2-385D-A123-01B171ACA870}"
	ProjectSection(ProjectDependencies) = postProject
		{BB12320D-A649-3359-A26B-EE89BC184D96} = {BB12320D-A649-3359-A26B-EE89BC184D96}
		{E7AF7706-62E1-3B43-A4DB-DDF3B6C28DC3} = {E7AF7706-62E1-3B43-A4DB-DDF3B6C28DC3}
		{8732C9AB-C869-3031-94CE-01A12F3E2658} = {8732C9AB-C869-3031-94CE-01A12F3E2658}
	EndProjectSection
EndProject
Project("{8BC9CEB8-8B4A-11D0-8D11-00A0C91BC942}") = "HeuDataSrcIO", "HeuDataSrcIO\HeuDataSrcIO.vcxproj", "{8732C9AB-C869-3031-94CE-01A12F3E2658}"
	ProjectSection(ProjectDependencies) = postProject
		{BB12320D-A649-3359-A26B-EE89BC184D96} = {BB12320D-A649-3359-A26B-EE89BC184D96}
	EndProjectSection
EndProject
Project("{8BC9CEB8-8B4A-11D0-8D11-00A0C91BC942}") = "XGenerateReport", "XGenerateReport\XGenerateReport.vcxproj", "{11422429-C995-3630-A881-74130DDDE048}"
EndProject
Project("{8BC9CEB8-8B4A-11D0-8D11-00A0C91BC942}") = "BCBase", "BCBase\BCBase.vcxproj", "{2423234A-3529-3F73-BC44-FAB14215834A}"
	ProjectSection(ProjectDependencies) = postProject
		{EFAB00A1-B9E3-3584-8C8B-B006D35FDBA0} = {EFAB00A1-B9E3-3584-8C8B-B006D35FDBA0}
		{4C7BB22D-DB1C-3A63-BACB-02226FEB0647} = {4C7BB22D-DB1C-3A63-BACB-02226FEB0647}
	EndProjectSection
EndProject
Project("{8BC9CEB8-8B4A-11D0-8D11-00A0C91BC942}") = "License", "License\License.vcxproj", "{6C2795F9-C179-3EF2-ACF9-17FEA04E851D}"
	ProjectSection(ProjectDependencies) = postProject
		{6DF8095A-8A50-3E43-8480-64CC194A32C0} = {6DF8095A-8A50-3E43-8480-64CC194A32C0}
	EndProjectSection
EndProject
Project("{8BC9CEB8-8B4A-11D0-8D11-00A0C91BC942}") = "ProjectTree", "ProjectTree\ProjectTree.vcxproj", "{8EFDF02D-1999-3723-BCA7-B168993DF29B}"
	ProjectSection(ProjectDependencies) = postProject
		{6DF8095A-8A50-3E43-8480-64CC194A32C0} = {6DF8095A-8A50-3E43-8480-64CC194A32C0}
		{EFAB00A1-B9E3-3584-8C8B-B006D35FDBA0} = {EFAB00A1-B9E3-3584-8C8B-B006D35FDBA0}
		{8C61117F-AA92-36F4-9194-2E3F81F18C4F} = {8C61117F-AA92-36F4-9194-2E3F81F18C4F}
		{4C7BB22D-DB1C-3A63-BACB-02226FEB0647} = {4C7BB22D-DB1C-3A63-BACB-02226FEB0647}
		{E0996CC9-A3DD-3AE7-A371-940A6D4E7124} = {E0996CC9-A3DD-3AE7-A371-940A6D4E7124}
		{9C48DF21-1341-34BD-91D9-9C63BBC7134D} = {9C48DF21-1341-34BD-91D9-9C63BBC7134D}
		{A7CEC4EE-9E4C-340B-BCD2-EAA9E8FAAA4E} = {A7CEC4EE-9E4C-340B-BCD2-EAA9E8FAAA4E}
		{3C93A662-A4DE-33E2-9B77-833F6F907EA7} = {3C93A662-A4DE-33E2-9B77-833F6F907EA7}
		{2423234A-3529-3F73-BC44-FAB14215834A} = {2423234A-3529-3F73-BC44-FAB14215834A}
		{3C3977DC-D564-3D12-A25B-9466539FB168} = {3C3977DC-D564-3D12-A25B-9466539FB168}
		{02B45BE3-2355-3A10-8047-2289500CFA71} = {02B45BE3-2355-3A10-8047-2289500CFA71}
		{7A122A04-88B2-3528-ABA1-D87860E79B71} = {7A122A04-88B2-3528-ABA1-D87860E79B71}
	EndProjectSection
EndProject
Project("{8BC9CEB8-8B4A-11D0-8D11-00A0C91BC942}") = "ParaClassFactory", "ParaClassFactory\ParaClassFactory.vcxproj", "{A7CEC4EE-9E4C-340B-BCD2-EAA9E8FAAA4E}"
	ProjectSection(ProjectDependencies) = postProject
		{4C7BB22D-DB1C-3A63-BACB-02226FEB0647} = {4C7BB22D-DB1C-3A63-BACB-02226FEB0647}
		{2423234A-3529-3F73-BC44-FAB14215834A} = {2423234A-3529-3F73-BC44-FAB14215834A}
		{3C3977DC-D564-3D12-A25B-9466539FB168} = {3C3977DC-D564-3D12-A25B-9466539FB168}
	EndProjectSection
EndProject
Project("{8BC9CEB8-8B4A-11D0-8D11-00A0C91BC942}") = "ConfigOptions", "ConfigOptions\ConfigOptions.vcxproj", "{3C3977DC-D564-3D12-A25B-9466539FB168}"
	ProjectSection(ProjectDependencies) = postProject
		{6DF8095A-8A50-3E43-8480-64CC194A32C0} = {6DF8095A-8A50-3E43-8480-64CC194A32C0}
		{4C7BB22D-DB1C-3A63-BACB-02226FEB0647} = {4C7BB22D-DB1C-3A63-BACB-02226FEB0647}
		{E0996CC9-A3DD-3AE7-A371-940A6D4E7124} = {E0996CC9-A3DD-3AE7-A371-940A6D4E7124}
		{2423234A-3529-3F73-BC44-FAB14215834A} = {2423234A-3529-3F73-BC44-FAB14215834A}
		{02B45BE3-2355-3A10-8047-2289500CFA71} = {02B45BE3-2355-3A10-8047-2289500CFA71}
	EndProjectSection
EndProject
Project("{8BC9CEB8-8B4A-11D0-8D11-00A0C91BC942}") = "SolutionDataIO", "SolutionDataIO\SolutionDataIO.vcxproj", "{BB12320D-A649-3359-A26B-EE89BC184D96}"
EndProject
Project("{8BC9CEB8-8B4A-11D0-8D11-00A0C91BC942}") = "FastCAE", "main\FastCAE.vcxproj", "{A86BBF0B-51E3-3E31-8356-4CA9802FF37C}"
	ProjectSection(ProjectDependencies) = postProject
		{6C2795F9-C179-3EF2-ACF9-17FEA04E851D} = {6C2795F9-C179-3EF2-ACF9-17FEA04E851D}
		{34F6DB38-CF15-3856-88EE-13B3565BAE19} = {34F6DB38-CF15-3856-88EE-13B3565BAE19}
		{8EFDF02D-1999-3723-BCA7-B168993DF29B} = {8EFDF02D-1999-3723-BCA7-B168993DF29B}
		{3C3977DC-D564-3D12-A25B-9466539FB168} = {3C3977DC-D564-3D12-A25B-9466539FB168}
	EndProjectSection
EndProject
Project("{8BC9CEB8-8B4A-11D0-8D11-00A0C91BC942}") = "ProjectTreeExtend", "ProjectTreeExtend\ProjectTreeExtend.vcxproj", "{00A0A99A-F6A0-3EEE-872B-85EB0FE5E38B}"
	ProjectSection(ProjectDependencies) = postProject
		{8EFDF02D-1999-3723-BCA7-B168993DF29B} = {8EFDF02D-1999-3723-BCA7-B168993DF29B}
	EndProjectSection
EndProject
Project("{8BC9CEB8-8B4A-11D0-8D11-00A0C91BC942}") = "Material", "Material\Material.vcxproj", "{02B45BE3-2355-3A10-8047-2289500CFA71}"
	ProjectSection(ProjectDependencies) = postProject
		{6DF8095A-8A50-3E43-8480-64CC194A32C0} = {6DF8095A-8A50-3E43-8480-64CC194A32C0}
		{4C7BB22D-DB1C-3A63-BACB-02226FEB0647} = {4C7BB22D-DB1C-3A63-BACB-02226FEB0647}
		{E29D7A41-D9DE-318A-8C75-022FCD5D1813} = {E29D7A41-D9DE-318A-8C75-022FCD5D1813}
	EndProjectSection
EndProject
Project("{8BC9CEB8-8B4A-11D0-8D11-00A0C91BC942}") = "PythonModule", "python\PythonModule.vcxproj", "{E0996CC9-A3DD-3AE7-A371-940A6D4E7124}"
EndProject
Project("{8BC9CEB8-8B4A-11D0-8D11-00A0C91BC942}") = "GeometryWidgets", "GeometryWidgets\GeometryWidgets.vcxproj", "{DB051FE8-8722-37C2-B19E-D817F829BDB2}"
	ProjectSection(ProjectDependencies) = postProject
		{E0996CC9-A3DD-3AE7-A371-940A6D4E7124} = {E0996CC9-A3DD-3AE7-A371-940A6D4E7124}
		{D838B625-E871-3105-BA0C-C75CDD52FE3D} = {D838B625-E871-3105-BA0C-C75CDD52FE3D}
	EndProjectSection
EndProject
Project("{8BC9CEB8-8B4A-11D0-8D11-00A0C91BC942}") = "GeometryCommand", "GeometryCommand\GeometryCommand.vcxproj", "{D838B625-E871-3105-BA0C-C75CDD52FE3D}"
	ProjectSection(ProjectDependencies) = postProject
		{4C7BB22D-DB1C-3A63-BACB-02226FEB0647} = {4C7BB22D-DB1C-3A63-BACB-02226FEB0647}
		{609A74A1-C6F4-33E1-8E6B-E4264D0AF178} = {609A74A1-C6F4-33E1-8E6B-E4264D0AF178}
		{9C48DF21-1341-34BD-91D9-9C63BBC7134D} = {9C48DF21-1341-34BD-91D9-9C63BBC7134D}
		{3C93A662-A4DE-33E2-9B77-833F6F907EA7} = {3C93A662-A4DE-33E2-9B77-833F6F907EA7}
	EndProjectSection
EndProject
Project("{8BC9CEB8-8B4A-11D0-8D11-00A0C91BC942}") = "PluginManager", "PluginManager\PluginManager.vcxproj", "{2ADF7A84-5D8B-3EDF-AB9F-42B779206BAD}"
	ProjectSection(ProjectDependencies) = postProject
		{6DF8095A-8A50-3E43-8480-64CC194A32C0} = {6DF8095A-8A50-3E43-8480-64CC194A32C0}
		{4C7BB22D-DB1C-3A63-BACB-02226FEB0647} = {4C7BB22D-DB1C-3A63-BACB-02226FEB0647}
		{9C48DF21-1341-34BD-91D9-9C63BBC7134D} = {9C48DF21-1341-34BD-91D9-9C63BBC7134D}
	EndProjectSection
EndProject
Project("{2150E333-8FDC-42A3-9474-1A3956D46DE8}") = "FastCAE Platform", "FastCAE Platform", "{CDD1EA97-58F7-4500-9EF1-73EAF84995FF}"
EndProject
Project("{2150E333-8FDC-42A3-9474-1A3956D46DE8}") = "Post", "Post", "{B95B0FB6-1EC1-4457-B0DC-AABEAE956C17}"
EndProject
Project("{2150E333-8FDC-42A3-9474-1A3956D46DE8}") = "Plugins", "Plugins", "{6B0217E2-2915-4880-9C9A-EA8BFFA5C917}"
EndProject
Project("{8BC9CEB8-8B4A-11D0-8D11-00A0C91BC942}") = "GmshModule", "Gmsh\GmshModule.vcxproj", "{A0B8B403-3170-3172-B7B6-4B610763F393}"
	ProjectSection(ProjectDependencies) = postProject
		{3BE0E19D-3CF3-3007-85A9-30441BD4B3A2} = {3BE0E19D-3CF3-3007-85A9-30441BD4B3A2}
		{6DF8095A-8A50-3E43-8480-64CC194A32C0} = {6DF8095A-8A50-3E43-8480-64CC194A32C0}
		{EFAB00A1-B9E3-3584-8C8B-B006D35FDBA0} = {EFAB00A1-B9E3-3584-8C8B-B006D35FDBA0}
		{4C7BB22D-DB1C-3A63-BACB-02226FEB0647} = {4C7BB22D-DB1C-3A63-BACB-02226FEB0647}
		{E0996CC9-A3DD-3AE7-A371-940A6D4E7124} = {E0996CC9-A3DD-3AE7-A371-940A6D4E7124}
		{DB051FE8-8722-37C2-B19E-D817F829BDB2} = {DB051FE8-8722-37C2-B19E-D817F829BDB2}
		{E29D7A41-D9DE-318A-8C75-022FCD5D1813} = {E29D7A41-D9DE-318A-8C75-022FCD5D1813}
		{3C93A662-A4DE-33E2-9B77-833F6F907EA7} = {3C93A662-A4DE-33E2-9B77-833F6F907EA7}
	EndProjectSection
EndProject
Project("{8BC9CEB8-8B4A-11D0-8D11-00A0C91BC942}") = "PluginCustomizer", "PluginCustomizer\PluginCustomizer.vcxproj", "{8FB5E8DA-9B35-3685-BA0E-7C706305A16A}"
	ProjectSection(ProjectDependencies) = postProject
		{3BE0E19D-3CF3-3007-85A9-30441BD4B3A2} = {3BE0E19D-3CF3-3007-85A9-30441BD4B3A2}
		{34F6DB38-CF15-3856-88EE-13B3565BAE19} = {34F6DB38-CF15-3856-88EE-13B3565BAE19}
		{A86BBF0B-51E3-3E31-8356-4CA9802FF37C} = {A86BBF0B-51E3-3E31-8356-4CA9802FF37C}
	EndProjectSection
EndProject
Project("{8BC9CEB8-8B4A-11D0-8D11-00A0C91BC942}") = "UserGuidence", "UserGuidence\UserGuidence.vcxproj", "{D02D81D3-5564-3782-BA36-7DFD3EF80262}"
	ProjectSection(ProjectDependencies) = postProject
		{6DF8095A-8A50-3E43-8480-64CC194A32C0} = {6DF8095A-8A50-3E43-8480-64CC194A32C0}
		{E0996CC9-A3DD-3AE7-A371-940A6D4E7124} = {E0996CC9-A3DD-3AE7-A371-940A6D4E7124}
	EndProjectSection
EndProject
Project("{8BC9CEB8-8B4A-11D0-8D11-00A0C91BC942}") = "PluginMeshDataExchange", "PluginMeshDataExchange\PluginMeshDataExchange.vcxproj", "{3C4D35EF-AB91-357B-8E62-13AC4D9F6DDF}"
	ProjectSection(ProjectDependencies) = postProject
		{A86BBF0B-51E3-3E31-8356-4CA9802FF37C} = {A86BBF0B-51E3-3E31-8356-4CA9802FF37C}
	EndProjectSection
EndProject
Project("{8BC9CEB8-8B4A-11D0-8D11-00A0C91BC942}") = "GeometryDataExchange", "GeometryDataExchange\GeometryDataExchange.vcxproj", "{609A74A1-C6F4-33E1-8E6B-E4264D0AF178}"
	ProjectSection(ProjectDependencies) = postProject
		{3C93A662-A4DE-33E2-9B77-833F6F907EA7} = {3C93A662-A4DE-33E2-9B77-833F6F907EA7}
	EndProjectSection
EndProject
Global
	GlobalSection(SolutionConfigurationPlatforms) = preSolution
		Debug|x64 = Debug|x64
		Release|x64 = Release|x64
	EndGlobalSection
	GlobalSection(ProjectConfigurationPlatforms) = postSolution
		{3C93A662-A4DE-33E2-9B77-833F6F907EA7}.Debug|x64.ActiveCfg = Debug|x64
		{3C93A662-A4DE-33E2-9B77-833F6F907EA7}.Debug|x64.Build.0 = Debug|x64
		{3C93A662-A4DE-33E2-9B77-833F6F907EA7}.Release|x64.ActiveCfg = Release|x64
		{3C93A662-A4DE-33E2-9B77-833F6F907EA7}.Release|x64.Build.0 = Release|x64
		{A9B02472-01C2-3D0B-A4CF-3048561138C9}.Debug|x64.ActiveCfg = Debug|x64
		{A9B02472-01C2-3D0B-A4CF-3048561138C9}.Debug|x64.Build.0 = Debug|x64
		{A9B02472-01C2-3D0B-A4CF-3048561138C9}.Release|x64.ActiveCfg = Release|x64
		{A9B02472-01C2-3D0B-A4CF-3048561138C9}.Release|x64.Build.0 = Release|x64
		{34F6DB38-CF15-3856-88EE-13B3565BAE19}.Debug|x64.ActiveCfg = Debug|x64
		{34F6DB38-CF15-3856-88EE-13B3565BAE19}.Debug|x64.Build.0 = Debug|x64
		{34F6DB38-CF15-3856-88EE-13B3565BAE19}.Release|x64.ActiveCfg = Release|x64
		{34F6DB38-CF15-3856-88EE-13B3565BAE19}.Release|x64.Build.0 = Release|x64
		{EFAB00A1-B9E3-3584-8C8B-B006D35FDBA0}.Debug|x64.ActiveCfg = Debug|x64
		{EFAB00A1-B9E3-3584-8C8B-B006D35FDBA0}.Debug|x64.Build.0 = Debug|x64
		{EFAB00A1-B9E3-3584-8C8B-B006D35FDBA0}.Release|x64.ActiveCfg = Release|x64
		{EFAB00A1-B9E3-3584-8C8B-B006D35FDBA0}.Release|x64.Build.0 = Release|x64
		{8C61117F-AA92-36F4-9194-2E3F81F18C4F}.Debug|x64.ActiveCfg = Debug|x64
		{8C61117F-AA92-36F4-9194-2E3F81F18C4F}.Debug|x64.Build.0 = Debug|x64
		{8C61117F-AA92-36F4-9194-2E3F81F18C4F}.Release|x64.ActiveCfg = Release|x64
		{8C61117F-AA92-36F4-9194-2E3F81F18C4F}.Release|x64.Build.0 = Release|x64
		{9C48DF21-1341-34BD-91D9-9C63BBC7134D}.Debug|x64.ActiveCfg = Debug|x64
		{9C48DF21-1341-34BD-91D9-9C63BBC7134D}.Debug|x64.Build.0 = Debug|x64
		{9C48DF21-1341-34BD-91D9-9C63BBC7134D}.Release|x64.ActiveCfg = Release|x64
		{9C48DF21-1341-34BD-91D9-9C63BBC7134D}.Release|x64.Build.0 = Release|x64
		{6DF8095A-8A50-3E43-8480-64CC194A32C0}.Debug|x64.ActiveCfg = Debug|x64
		{6DF8095A-8A50-3E43-8480-64CC194A32C0}.Debug|x64.Build.0 = Debug|x64
		{6DF8095A-8A50-3E43-8480-64CC194A32C0}.Release|x64.ActiveCfg = Release|x64
		{6DF8095A-8A50-3E43-8480-64CC194A32C0}.Release|x64.Build.0 = Release|x64
		{3BE0E19D-3CF3-3007-85A9-30441BD4B3A2}.Debug|x64.ActiveCfg = Debug|x64
		{3BE0E19D-3CF3-3007-85A9-30441BD4B3A2}.Debug|x64.Build.0 = Debug|x64
		{3BE0E19D-3CF3-3007-85A9-30441BD4B3A2}.Release|x64.ActiveCfg = Release|x64
		{3BE0E19D-3CF3-3007-85A9-30441BD4B3A2}.Release|x64.Build.0 = Release|x64
		{E60A6D23-3F27-390B-9E7A-B8DEBF4AAB0A}.Debug|x64.ActiveCfg = Debug|x64
		{E60A6D23-3F27-390B-9E7A-B8DEBF4AAB0A}.Debug|x64.Build.0 = Debug|x64
		{E60A6D23-3F27-390B-9E7A-B8DEBF4AAB0A}.Release|x64.ActiveCfg = Release|x64
		{E60A6D23-3F27-390B-9E7A-B8DEBF4AAB0A}.Release|x64.Build.0 = Release|x64
		{4C7BB22D-DB1C-3A63-BACB-02226FEB0647}.Debug|x64.ActiveCfg = Debug|x64
		{4C7BB22D-DB1C-3A63-BACB-02226FEB0647}.Debug|x64.Build.0 = Debug|x64
		{4C7BB22D-DB1C-3A63-BACB-02226FEB0647}.Release|x64.ActiveCfg = Release|x64
		{4C7BB22D-DB1C-3A63-BACB-02226FEB0647}.Release|x64.Build.0 = Release|x64
		{E29D7A41-D9DE-318A-8C75-022FCD5D1813}.Debug|x64.ActiveCfg = Debug|x64
		{E29D7A41-D9DE-318A-8C75-022FCD5D1813}.Debug|x64.Build.0 = Debug|x64
		{E29D7A41-D9DE-318A-8C75-022FCD5D1813}.Release|x64.ActiveCfg = Release|x64
		{E29D7A41-D9DE-318A-8C75-022FCD5D1813}.Release|x64.Build.0 = Release|x64
		{7A122A04-88B2-3528-ABA1-D87860E79B71}.Debug|x64.ActiveCfg = Debug|x64
		{7A122A04-88B2-3528-ABA1-D87860E79B71}.Debug|x64.Build.0 = Debug|x64
		{7A122A04-88B2-3528-ABA1-D87860E79B71}.Release|x64.ActiveCfg = Release|x64
		{7A122A04-88B2-3528-ABA1-D87860E79B71}.Release|x64.Build.0 = Release|x64
		{E7AF7706-62E1-3B43-A4DB-DDF3B6C28DC3}.Debug|x64.ActiveCfg = Debug|x64
		{E7AF7706-62E1-3B43-A4DB-DDF3B6C28DC3}.Debug|x64.Build.0 = Debug|x64
		{E7AF7706-62E1-3B43-A4DB-DDF3B6C28DC3}.Release|x64.ActiveCfg = Release|x64
		{E7AF7706-62E1-3B43-A4DB-DDF3B6C28DC3}.Release|x64.Build.0 = Release|x64
		{80D12C6C-2FB2-385D-A123-01B171ACA870}.Debug|x64.ActiveCfg = Debug|x64
		{80D12C6C-2FB2-385D-A123-01B171ACA870}.Debug|x64.Build.0 = Debug|x64
		{80D12C6C-2FB2-385D-A123-01B171ACA870}.Release|x64.ActiveCfg = Release|x64
		{80D12C6C-2FB2-385D-A123-01B171ACA870}.Release|x64.Build.0 = Release|x64
		{8732C9AB-C869-3031-94CE-01A12F3E2658}.Debug|x64.ActiveCfg = Debug|x64
		{8732C9AB-C869-3031-94CE-01A12F3E2658}.Debug|x64.Build.0 = Debug|x64
		{8732C9AB-C869-3031-94CE-01A12F3E2658}.Release|x64.ActiveCfg = Release|x64
		{8732C9AB-C869-3031-94CE-01A12F3E2658}.Release|x64.Build.0 = Release|x64
		{11422429-C995-3630-A881-74130DDDE048}.Debug|x64.ActiveCfg = Debug|x64
		{11422429-C995-3630-A881-74130DDDE048}.Debug|x64.Build.0 = Debug|x64
		{11422429-C995-3630-A881-74130DDDE048}.Release|x64.ActiveCfg = Release|x64
		{11422429-C995-3630-A881-74130DDDE048}.Release|x64.Build.0 = Release|x64
		{2423234A-3529-3F73-BC44-FAB14215834A}.Debug|x64.ActiveCfg = Debug|x64
		{2423234A-3529-3F73-BC44-FAB14215834A}.Debug|x64.Build.0 = Debug|x64
		{2423234A-3529-3F73-BC44-FAB14215834A}.Release|x64.ActiveCfg = Release|x64
		{2423234A-3529-3F73-BC44-FAB14215834A}.Release|x64.Build.0 = Release|x64
		{6C2795F9-C179-3EF2-ACF9-17FEA04E851D}.Debug|x64.ActiveCfg = Debug|x64
		{6C2795F9-C179-3EF2-ACF9-17FEA04E851D}.Debug|x64.Build.0 = Debug|x64
		{6C2795F9-C179-3EF2-ACF9-17FEA04E851D}.Release|x64.ActiveCfg = Release|x64
		{6C2795F9-C179-3EF2-ACF9-17FEA04E851D}.Release|x64.Build.0 = Release|x64
		{8EFDF02D-1999-3723-BCA7-B168993DF29B}.Debug|x64.ActiveCfg = Debug|x64
		{8EFDF02D-1999-3723-BCA7-B168993DF29B}.Debug|x64.Build.0 = Debug|x64
		{8EFDF02D-1999-3723-BCA7-B168993DF29B}.Release|x64.ActiveCfg = Release|x64
		{8EFDF02D-1999-3723-BCA7-B168993DF29B}.Release|x64.Build.0 = Release|x64
		{A7CEC4EE-9E4C-340B-BCD2-EAA9E8FAAA4E}.Debug|x64.ActiveCfg = Debug|x64
		{A7CEC4EE-9E4C-340B-BCD2-EAA9E8FAAA4E}.Debug|x64.Build.0 = Debug|x64
		{A7CEC4EE-9E4C-340B-BCD2-EAA9E8FAAA4E}.Release|x64.ActiveCfg = Release|x64
		{A7CEC4EE-9E4C-340B-BCD2-EAA9E8FAAA4E}.Release|x64.Build.0 = Release|x64
		{3C3977DC-D564-3D12-A25B-9466539FB168}.Debug|x64.ActiveCfg = Debug|x64
		{3C3977DC-D564-3D12-A25B-9466539FB168}.Debug|x64.Build.0 = Debug|x64
		{3C3977DC-D564-3D12-A25B-9466539FB168}.Release|x64.ActiveCfg = Release|x64
		{3C3977DC-D564-3D12-A25B-9466539FB168}.Release|x64.Build.0 = Release|x64
		{BB12320D-A649-3359-A26B-EE89BC184D96}.Debug|x64.ActiveCfg = Debug|x64
		{BB12320D-A649-3359-A26B-EE89BC184D96}.Debug|x64.Build.0 = Debug|x64
		{BB12320D-A649-3359-A26B-EE89BC184D96}.Release|x64.ActiveCfg = Release|x64
		{BB12320D-A649-3359-A26B-EE89BC184D96}.Release|x64.Build.0 = Release|x64
		{A86BBF0B-51E3-3E31-8356-4CA9802FF37C}.Debug|x64.ActiveCfg = Debug|x64
		{A86BBF0B-51E3-3E31-8356-4CA9802FF37C}.Debug|x64.Build.0 = Debug|x64
		{A86BBF0B-51E3-3E31-8356-4CA9802FF37C}.Release|x64.ActiveCfg = Release|x64
		{A86BBF0B-51E3-3E31-8356-4CA9802FF37C}.Release|x64.Build.0 = Release|x64
		{00A0A99A-F6A0-3EEE-872B-85EB0FE5E38B}.Debug|x64.ActiveCfg = Debug|x64
		{00A0A99A-F6A0-3EEE-872B-85EB0FE5E38B}.Debug|x64.Build.0 = Debug|x64
		{00A0A99A-F6A0-3EEE-872B-85EB0FE5E38B}.Release|x64.ActiveCfg = Release|x64
		{00A0A99A-F6A0-3EEE-872B-85EB0FE5E38B}.Release|x64.Build.0 = Release|x64
		{02B45BE3-2355-3A10-8047-2289500CFA71}.Debug|x64.ActiveCfg = Debug|x64
		{02B45BE3-2355-3A10-8047-2289500CFA71}.Debug|x64.Build.0 = Debug|x64
		{02B45BE3-2355-3A10-8047-2289500CFA71}.Release|x64.ActiveCfg = Release|x64
		{02B45BE3-2355-3A10-8047-2289500CFA71}.Release|x64.Build.0 = Release|x64
		{E0996CC9-A3DD-3AE7-A371-940A6D4E7124}.Debug|x64.ActiveCfg = Debug|x64
		{E0996CC9-A3DD-3AE7-A371-940A6D4E7124}.Debug|x64.Build.0 = Debug|x64
		{E0996CC9-A3DD-3AE7-A371-940A6D4E7124}.Release|x64.ActiveCfg = Release|x64
		{E0996CC9-A3DD-3AE7-A371-940A6D4E7124}.Release|x64.Build.0 = Release|x64
		{DB051FE8-8722-37C2-B19E-D817F829BDB2}.Debug|x64.ActiveCfg = Debug|x64
		{DB051FE8-8722-37C2-B19E-D817F829BDB2}.Debug|x64.Build.0 = Debug|x64
		{DB051FE8-8722-37C2-B19E-D817F829BDB2}.Release|x64.ActiveCfg = Release|x64
		{DB051FE8-8722-37C2-B19E-D817F829BDB2}.Release|x64.Build.0 = Release|x64
		{D838B625-E871-3105-BA0C-C75CDD52FE3D}.Debug|x64.ActiveCfg = Debug|x64
		{D838B625-E871-3105-BA0C-C75CDD52FE3D}.Debug|x64.Build.0 = Debug|x64
		{D838B625-E871-3105-BA0C-C75CDD52FE3D}.Release|x64.ActiveCfg = Release|x64
		{D838B625-E871-3105-BA0C-C75CDD52FE3D}.Release|x64.Build.0 = Release|x64
		{2ADF7A84-5D8B-3EDF-AB9F-42B779206BAD}.Debug|x64.ActiveCfg = Debug|x64
		{2ADF7A84-5D8B-3EDF-AB9F-42B779206BAD}.Debug|x64.Build.0 = Debug|x64
		{2ADF7A84-5D8B-3EDF-AB9F-42B779206BAD}.Release|x64.ActiveCfg = Release|x64
		{2ADF7A84-5D8B-3EDF-AB9F-42B779206BAD}.Release|x64.Build.0 = Release|x64
		{A0B8B403-3170-3172-B7B6-4B610763F393}.Debug|x64.ActiveCfg = Debug|x64
		{A0B8B403-3170-3172-B7B6-4B610763F393}.Debug|x64.Build.0 = Debug|x64
		{A0B8B403-3170-3172-B7B6-4B610763F393}.Release|x64.ActiveCfg = Release|x64
		{A0B8B403-3170-3172-B7B6-4B610763F393}.Release|x64.Build.0 = Release|x64
		{8FB5E8DA-9B35-3685-BA0E-7C706305A16A}.Debug|x64.ActiveCfg = Debug|x64
		{8FB5E8DA-9B35-3685-BA0E-7C706305A16A}.Debug|x64.Build.0 = Debug|x64
		{8FB5E8DA-9B35-3685-BA0E-7C706305A16A}.Release|x64.ActiveCfg = Release|x64
		{8FB5E8DA-9B35-3685-BA0E-7C706305A16A}.Release|x64.Build.0 = Release|x64
		{D02D81D3-5564-3782-BA36-7DFD3EF80262}.Debug|x64.ActiveCfg = Debug|x64
		{D02D81D3-5564-3782-BA36-7DFD3EF80262}.Debug|x64.Build.0 = Debug|x64
		{D02D81D3-5564-3782-BA36-7DFD3EF80262}.Release|x64.ActiveCfg = Release|x64
		{D02D81D3-5564-3782-BA36-7DFD3EF80262}.Release|x64.Build.0 = Release|x64
		{3C4D35EF-AB91-357B-8E62-13AC4D9F6DDF}.Debug|x64.ActiveCfg = Debug|x64
		{3C4D35EF-AB91-357B-8E62-13AC4D9F6DDF}.Debug|x64.Build.0 = Debug|x64
		{3C4D35EF-AB91-357B-8E62-13AC4D9F6DDF}.Release|x64.ActiveCfg = Release|x64
		{3C4D35EF-AB91-357B-8E62-13AC4D9F6DDF}.Release|x64.Build.0 = Release|x64
		{609A74A1-C6F4-33E1-8E6B-E4264D0AF178}.Debug|x64.ActiveCfg = Debug|x64
		{609A74A1-C6F4-33E1-8E6B-E4264D0AF178}.Debug|x64.Build.0 = Debug|x64
		{609A74A1-C6F4-33E1-8E6B-E4264D0AF178}.Release|x64.ActiveCfg = Release|x64
		{609A74A1-C6F4-33E1-8E6B-E4264D0AF178}.Release|x64.Build.0 = Release|x64
	EndGlobalSection
	GlobalSection(SolutionProperties) = preSolution
		HideSolutionNode = FALSE
	EndGlobalSection
	GlobalSection(NestedProjects) = preSolution
		{3C93A662-A4DE-33E2-9B77-833F6F907EA7} = {CDD1EA97-58F7-4500-9EF1-73EAF84995FF}
		{A9B02472-01C2-3D0B-A4CF-3048561138C9} = {CDD1EA97-58F7-4500-9EF1-73EAF84995FF}
		{34F6DB38-CF15-3856-88EE-13B3565BAE19} = {CDD1EA97-58F7-4500-9EF1-73EAF84995FF}
		{EFAB00A1-B9E3-3584-8C8B-B006D35FDBA0} = {CDD1EA97-58F7-4500-9EF1-73EAF84995FF}
		{8C61117F-AA92-36F4-9194-2E3F81F18C4F} = {CDD1EA97-58F7-4500-9EF1-73EAF84995FF}
		{9C48DF21-1341-34BD-91D9-9C63BBC7134D} = {CDD1EA97-58F7-4500-9EF1-73EAF84995FF}
		{6DF8095A-8A50-3E43-8480-64CC194A32C0} = {CDD1EA97-58F7-4500-9EF1-73EAF84995FF}
		{3BE0E19D-3CF3-3007-85A9-30441BD4B3A2} = {CDD1EA97-58F7-4500-9EF1-73EAF84995FF}
		{E60A6D23-3F27-390B-9E7A-B8DEBF4AAB0A} = {CDD1EA97-58F7-4500-9EF1-73EAF84995FF}
		{4C7BB22D-DB1C-3A63-BACB-02226FEB0647} = {CDD1EA97-58F7-4500-9EF1-73EAF84995FF}
		{E29D7A41-D9DE-318A-8C75-022FCD5D1813} = {CDD1EA97-58F7-4500-9EF1-73EAF84995FF}
		{7A122A04-88B2-3528-ABA1-D87860E79B71} = {CDD1EA97-58F7-4500-9EF1-73EAF84995FF}
		{E7AF7706-62E1-3B43-A4DB-DDF3B6C28DC3} = {B95B0FB6-1EC1-4457-B0DC-AABEAE956C17}
		{80D12C6C-2FB2-385D-A123-01B171ACA870} = {B95B0FB6-1EC1-4457-B0DC-AABEAE956C17}
		{8732C9AB-C869-3031-94CE-01A12F3E2658} = {B95B0FB6-1EC1-4457-B0DC-AABEAE956C17}
		{11422429-C995-3630-A881-74130DDDE048} = {CDD1EA97-58F7-4500-9EF1-73EAF84995FF}
		{2423234A-3529-3F73-BC44-FAB14215834A} = {CDD1EA97-58F7-4500-9EF1-73EAF84995FF}
		{6C2795F9-C179-3EF2-ACF9-17FEA04E851D} = {CDD1EA97-58F7-4500-9EF1-73EAF84995FF}
		{8EFDF02D-1999-3723-BCA7-B168993DF29B} = {CDD1EA97-58F7-4500-9EF1-73EAF84995FF}
		{A7CEC4EE-9E4C-340B-BCD2-EAA9E8FAAA4E} = {CDD1EA97-58F7-4500-9EF1-73EAF84995FF}
		{3C3977DC-D564-3D12-A25B-9466539FB168} = {CDD1EA97-58F7-4500-9EF1-73EAF84995FF}
		{BB12320D-A649-3359-A26B-EE89BC184D96} = {B95B0FB6-1EC1-4457-B0DC-AABEAE956C17}
		{A86BBF0B-51E3-3E31-8356-4CA9802FF37C} = {CDD1EA97-58F7-4500-9EF1-73EAF84995FF}
		{00A0A99A-F6A0-3EEE-872B-85EB0FE5E38B} = {CDD1EA97-58F7-4500-9EF1-73EAF84995FF}
		{02B45BE3-2355-3A10-8047-2289500CFA71} = {CDD1EA97-58F7-4500-9EF1-73EAF84995FF}
		{E0996CC9-A3DD-3AE7-A371-940A6D4E7124} = {CDD1EA97-58F7-4500-9EF1-73EAF84995FF}
		{DB051FE8-8722-37C2-B19E-D817F829BDB2} = {CDD1EA97-58F7-4500-9EF1-73EAF84995FF}
		{D838B625-E871-3105-BA0C-C75CDD52FE3D} = {CDD1EA97-58F7-4500-9EF1-73EAF84995FF}
		{2ADF7A84-5D8B-3EDF-AB9F-42B779206BAD} = {CDD1EA97-58F7-4500-9EF1-73EAF84995FF}
		{A0B8B403-3170-3172-B7B6-4B610763F393} = {CDD1EA97-58F7-4500-9EF1-73EAF84995FF}
		{8FB5E8DA-9B35-3685-BA0E-7C706305A16A} = {6B0217E2-2915-4880-9C9A-EA8BFFA5C917}
		{D02D81D3-5564-3782-BA36-7DFD3EF80262} = {CDD1EA97-58F7-4500-9EF1-73EAF84995FF}
		{3C4D35EF-AB91-357B-8E62-13AC4D9F6DDF} = {6B0217E2-2915-4880-9C9A-EA8BFFA5C917}
		{609A74A1-C6F4-33E1-8E6B-E4264D0AF178} = {CDD1EA97-58F7-4500-9EF1-73EAF84995FF}
	EndGlobalSection
EndGlobal
